PODS:
  - RxCocoa (5.1.1):
    - RxRelay (~> 5)
    - RxSwift (~> 5)
  - RxRelay (5.0.1):
    - RxSwift (~> 5)
  - RxSwift (5.1.1)
  - SwiftDate (4.4.2)

DEPENDENCIES:
  - RxCocoa (from `https://github.com/ReactiveX/RxSwift.git`, branch `master`)
  - RxSwift (from `https://github.com/ReactiveX/RxSwift.git`, branch `master`)
  - SwiftDate (~> 4.4.2)

SPEC REPOS:
  https://github.com/CocoaPods/Specs.git:
    - RxRelay
    - SwiftDate

EXTERNAL SOURCES:
  RxCocoa:
    :branch: master
    :git: https://github.com/ReactiveX/RxSwift.git
  RxSwift:
    :branch: master
    :git: https://github.com/ReactiveX/RxSwift.git

CHECKOUT OPTIONS:
  RxCocoa:
    :commit: 002d325b0bdee94e7882e1114af5ff4fe1e96afa
    :git: https://github.com/ReactiveX/RxSwift.git
  RxSwift:
    :commit: 002d325b0bdee94e7882e1114af5ff4fe1e96afa
    :git: https://github.com/ReactiveX/RxSwift.git

SPEC CHECKSUMS:
  RxCocoa: 32065309a38d29b5b0db858819b5bf9ef038b601
  RxRelay: 89d54507f4fd4d969e6ec1d4bd7f3673640b4640
  RxSwift: 81470a2074fa8780320ea5fe4102807cb7118178
  SwiftDate: 131cf2f09b390f0a07f0099e36005ffe2fbf4c7e

PODFILE CHECKSUM: e0b0f1639695a76a658db3d6cef7c72a836ce1ef

COCOAPODS: 1.11.3
