PODS:
  - Apollo (0.39.0):
    - Apollo/Core (= 0.39.0)
  - Apollo/Core (0.39.0)
  - RxCocoa (6.2.0):
    - RxRelay (= 6.2.0)
    - RxSwift (= 6.2.0)
  - RxRelay (6.2.0):
    - RxSwift (= 6.2.0)
  - RxSwift (6.2.0)

DEPENDENCIES:
  - Apollo
  - RxCocoa
  - RxSwift

SPEC REPOS:
  https://github.com/CocoaPods/Specs.git:
    - Apollo
    - RxCocoa
    - RxRelay
    - RxSwift

SPEC CHECKSUMS:
  Apollo: f6c6410ebee82dd5846be87b81cedc8bc7754a82
  RxCocoa: 4baf94bb35f2c0ab31bc0cb9f1900155f646ba42
  RxRelay: e72dbfd157807478401ef1982e1c61c945c94b2f
  RxSwift: d356ab7bee873611322f134c5f9ef379fa183d8f

PODFILE CHECKSUM: 2d9551c06e665a3ac2654d7939ebe83f8c731f34

COCOAPODS: 1.12.1
