// !$*UTF8*$!
{
	archiveVersion = 1;
	classes = {
	};
	objectVersion = 56;
	objects = {

/* Begin PBXBuildFile section */
		827620782B54B33000F00F7B /* DropDelegateApp.swift in Sources */ = {isa = PBXBuildFile; fileRef = 827620772B54B33000F00F7B /* DropDelegateApp.swift */; };
		8276207A2B54B33000F00F7B /* ContentView.swift in Sources */ = {isa = PBXBuildFile; fileRef = 827620792B54B33000F00F7B /* ContentView.swift */; };
		8276207C2B54B33100F00F7B /* Assets.xcassets in Resources */ = {isa = PBXBuildFile; fileRef = 8276207B2B54B33100F00F7B /* Assets.xcassets */; };
		8276207F2B54B33100F00F7B /* Preview Assets.xcassets in Resources */ = {isa = PBXBuildFile; fileRef = 8276207E2B54B33100F00F7B /* Preview Assets.xcassets */; };
		827620892B54B33100F00F7B /* DropDelegateTests.swift in Sources */ = {isa = PBXBuildFile; fileRef = 827620882B54B33100F00F7B /* DropDelegateTests.swift */; };
		827620932B54B33100F00F7B /* DropDelegateUITests.swift in Sources */ = {isa = PBXBuildFile; fileRef = 827620922B54B33100F00F7B /* DropDelegateUITests.swift */; };
		827620952B54B33100F00F7B /* DropDelegateUITestsLaunchTests.swift in Sources */ = {isa = PBXBuildFile; fileRef = 827620942B54B33100F00F7B /* DropDelegateUITestsLaunchTests.swift */; };
/* End PBXBuildFile section */

/* Begin PBXContainerItemProxy section */
		827620852B54B33100F00F7B /* PBXContainerItemProxy */ = {
			isa = PBXContainerItemProxy;
			containerPortal = 8276206C2B54B33000F00F7B /* Project object */;
			proxyType = 1;
			remoteGlobalIDString = 827620732B54B33000F00F7B;
			remoteInfo = DropDelegate;
		};
		8276208F2B54B33100F00F7B /* PBXContainerItemProxy */ = {
			isa = PBXContainerItemProxy;
			containerPortal = 8276206C2B54B33000F00F7B /* Project object */;
			proxyType = 1;
			remoteGlobalIDString = 827620732B54B33000F00F7B;
			remoteInfo = DropDelegate;
		};
/* End PBXContainerItemProxy section */

/* Begin PBXFileReference section */
		827620742B54B33000F00F7B /* DropDelegate.app */ = {isa = PBXFileReference; explicitFileType = wrapper.application; includeInIndex = 0; path = DropDelegate.app; sourceTree = BUILT_PRODUCTS_DIR; };
		827620772B54B33000F00F7B /* DropDelegateApp.swift */ = {isa = PBXFileReference; lastKnownFileType = sourcecode.swift; path = DropDelegateApp.swift; sourceTree = "<group>"; };
		827620792B54B33000F00F7B /* ContentView.swift */ = {isa = PBXFileReference; lastKnownFileType = sourcecode.swift; path = ContentView.swift; sourceTree = "<group>"; };
		8276207B2B54B33100F00F7B /* Assets.xcassets */ = {isa = PBXFileReference; lastKnownFileType = folder.assetcatalog; path = Assets.xcassets; sourceTree = "<group>"; };
		8276207E2B54B33100F00F7B /* Preview Assets.xcassets */ = {isa = PBXFileReference; lastKnownFileType = folder.assetcatalog; path = "Preview Assets.xcassets"; sourceTree = "<group>"; };
		827620842B54B33100F00F7B /* DropDelegateTests.xctest */ = {isa = PBXFileReference; explicitFileType = wrapper.cfbundle; includeInIndex = 0; path = DropDelegateTests.xctest; sourceTree = BUILT_PRODUCTS_DIR; };
		827620882B54B33100F00F7B /* DropDelegateTests.swift */ = {isa = PBXFileReference; lastKnownFileType = sourcecode.swift; path = DropDelegateTests.swift; sourceTree = "<group>"; };
		8276208E2B54B33100F00F7B /* DropDelegateUITests.xctest */ = {isa = PBXFileReference; explicitFileType = wrapper.cfbundle; includeInIndex = 0; path = DropDelegateUITests.xctest; sourceTree = BUILT_PRODUCTS_DIR; };
		827620922B54B33100F00F7B /* DropDelegateUITests.swift */ = {isa = PBXFileReference; lastKnownFileType = sourcecode.swift; path = DropDelegateUITests.swift; sourceTree = "<group>"; };
		827620942B54B33100F00F7B /* DropDelegateUITestsLaunchTests.swift */ = {isa = PBXFileReference; lastKnownFileType = sourcecode.swift; path = DropDelegateUITestsLaunchTests.swift; sourceTree = "<group>"; };
/* End PBXFileReference section */

/* Begin PBXFrameworksBuildPhase section */
		827620712B54B33000F00F7B /* Frameworks */ = {
			isa = PBXFrameworksBuildPhase;
			buildActionMask = 2147483647;
			files = (
			);
			runOnlyForDeploymentPostprocessing = 0;
		};
		827620812B54B33100F00F7B /* Frameworks */ = {
			isa = PBXFrameworksBuildPhase;
			buildActionMask = 2147483647;
			files = (
			);
			runOnlyForDeploymentPostprocessing = 0;
		};
		8276208B2B54B33100F00F7B /* Frameworks */ = {
			isa = PBXFrameworksBuildPhase;
			buildActionMask = 2147483647;
			files = (
			);
			runOnlyForDeploymentPostprocessing = 0;
		};
/* End PBXFrameworksBuildPhase section */

/* Begin PBXGroup section */
		8276206B2B54B33000F00F7B = {
			isa = PBXGroup;
			children = (
				827620762B54B33000F00F7B /* DropDelegate */,
				827620872B54B33100F00F7B /* DropDelegateTests */,
				827620912B54B33100F00F7B /* DropDelegateUITests */,
				827620752B54B33000F00F7B /* Products */,
			);
			sourceTree = "<group>";
		};
		827620752B54B33000F00F7B /* Products */ = {
			isa = PBXGroup;
			children = (
				827620742B54B33000F00F7B /* DropDelegate.app */,
				827620842B54B33100F00F7B /* DropDelegateTests.xctest */,
				8276208E2B54B33100F00F7B /* DropDelegateUITests.xctest */,
			);
			name = Products;
			sourceTree = "<group>";
		};
		827620762B54B33000F00F7B /* DropDelegate */ = {
			isa = PBXGroup;
			children = (
				827620772B54B33000F00F7B /* DropDelegateApp.swift */,
				827620792B54B33000F00F7B /* ContentView.swift */,
				8276207B2B54B33100F00F7B /* Assets.xcassets */,
				8276207D2B54B33100F00F7B /* Preview Content */,
			);
			path = DropDelegate;
			sourceTree = "<group>";
		};
		8276207D2B54B33100F00F7B /* Preview Content */ = {
			isa = PBXGroup;
			children = (
				8276207E2B54B33100F00F7B /* Preview Assets.xcassets */,
			);
			path = "Preview Content";
			sourceTree = "<group>";
		};
		827620872B54B33100F00F7B /* DropDelegateTests */ = {
			isa = PBXGroup;
			children = (
				827620882B54B33100F00F7B /* DropDelegateTests.swift */,
			);
			path = DropDelegateTests;
			sourceTree = "<group>";
		};
		827620912B54B33100F00F7B /* DropDelegateUITests */ = {
			isa = PBXGroup;
			children = (
				827620922B54B33100F00F7B /* DropDelegateUITests.swift */,
				827620942B54B33100F00F7B /* DropDelegateUITestsLaunchTests.swift */,
			);
			path = DropDelegateUITests;
			sourceTree = "<group>";
		};
/* End PBXGroup section */

/* Begin PBXNativeTarget section */
		827620732B54B33000F00F7B /* DropDelegate */ = {
			isa = PBXNativeTarget;
			buildConfigurationList = 827620982B54B33100F00F7B /* Build configuration list for PBXNativeTarget "DropDelegate" */;
			buildPhases = (
				827620702B54B33000F00F7B /* Sources */,
				827620712B54B33000F00F7B /* Frameworks */,
				827620722B54B33000F00F7B /* Resources */,
			);
			buildRules = (
			);
			dependencies = (
			);
			name = DropDelegate;
			productName = DropDelegate;
			productReference = 827620742B54B33000F00F7B /* DropDelegate.app */;
			productType = "com.apple.product-type.application";
		};
		827620832B54B33100F00F7B /* DropDelegateTests */ = {
			isa = PBXNativeTarget;
			buildConfigurationList = 8276209B2B54B33100F00F7B /* Build configuration list for PBXNativeTarget "DropDelegateTests" */;
			buildPhases = (
				827620802B54B33100F00F7B /* Sources */,
				827620812B54B33100F00F7B /* Frameworks */,
				827620822B54B33100F00F7B /* Resources */,
			);
			buildRules = (
			);
			dependencies = (
				827620862B54B33100F00F7B /* PBXTargetDependency */,
			);
			name = DropDelegateTests;
			productName = DropDelegateTests;
			productReference = 827620842B54B33100F00F7B /* DropDelegateTests.xctest */;
			productType = "com.apple.product-type.bundle.unit-test";
		};
		8276208D2B54B33100F00F7B /* DropDelegateUITests */ = {
			isa = PBXNativeTarget;
			buildConfigurationList = 8276209E2B54B33100F00F7B /* Build configuration list for PBXNativeTarget "DropDelegateUITests" */;
			buildPhases = (
				8276208A2B54B33100F00F7B /* Sources */,
				8276208B2B54B33100F00F7B /* Frameworks */,
				8276208C2B54B33100F00F7B /* Resources */,
			);
			buildRules = (
			);
			dependencies = (
				827620902B54B33100F00F7B /* PBXTargetDependency */,
			);
			name = DropDelegateUITests;
			productName = DropDelegateUITests;
			productReference = 8276208E2B54B33100F00F7B /* DropDelegateUITests.xctest */;
			productType = "com.apple.product-type.bundle.ui-testing";
		};
/* End PBXNativeTarget section */

/* Begin PBXProject section */
		8276206C2B54B33000F00F7B /* Project object */ = {
			isa = PBXProject;
			attributes = {
				BuildIndependentTargetsInParallel = 1;
				LastSwiftUpdateCheck = 1500;
				LastUpgradeCheck = 1500;
				TargetAttributes = {
					827620732B54B33000F00F7B = {
						CreatedOnToolsVersion = 15.0;
					};
					827620832B54B33100F00F7B = {
						CreatedOnToolsVersion = 15.0;
						TestTargetID = 827620732B54B33000F00F7B;
					};
					8276208D2B54B33100F00F7B = {
						CreatedOnToolsVersion = 15.0;
						TestTargetID = 827620732B54B33000F00F7B;
					};
				};
			};
			buildConfigurationList = 8276206F2B54B33000F00F7B /* Build configuration list for PBXProject "DropDelegate" */;
			compatibilityVersion = "Xcode 14.0";
			developmentRegion = en;
			hasScannedForEncodings = 0;
			knownRegions = (
				en,
				Base,
			);
			mainGroup = 8276206B2B54B33000F00F7B;
			productRefGroup = 827620752B54B33000F00F7B /* Products */;
			projectDirPath = "";
			projectRoot = "";
			targets = (
				827620732B54B33000F00F7B /* DropDelegate */,
				827620832B54B33100F00F7B /* DropDelegateTests */,
				8276208D2B54B33100F00F7B /* DropDelegateUITests */,
			);
		};
/* End PBXProject section */

/* Begin PBXResourcesBuildPhase section */
		827620722B54B33000F00F7B /* Resources */ = {
			isa = PBXResourcesBuildPhase;
			buildActionMask = 2147483647;
			files = (
				8276207F2B54B33100F00F7B /* Preview Assets.xcassets in Resources */,
				8276207C2B54B33100F00F7B /* Assets.xcassets in Resources */,
			);
			runOnlyForDeploymentPostprocessing = 0;
		};
		827620822B54B33100F00F7B /* Resources */ = {
			isa = PBXResourcesBuildPhase;
			buildActionMask = 2147483647;
			files = (
			);
			runOnlyForDeploymentPostprocessing = 0;
		};
		8276208C2B54B33100F00F7B /* Resources */ = {
			isa = PBXResourcesBuildPhase;
			buildActionMask = 2147483647;
			files = (
			);
			runOnlyForDeploymentPostprocessing = 0;
		};
/* End PBXResourcesBuildPhase section */

/* Begin PBXSourcesBuildPhase section */
		827620702B54B33000F00F7B /* Sources */ = {
			isa = PBXSourcesBuildPhase;
			buildActionMask = 2147483647;
			files = (
				8276207A2B54B33000F00F7B /* ContentView.swift in Sources */,
				827620782B54B33000F00F7B /* DropDelegateApp.swift in Sources */,
			);
			runOnlyForDeploymentPostprocessing = 0;
		};
		827620802B54B33100F00F7B /* Sources */ = {
			isa = PBXSourcesBuildPhase;
			buildActionMask = 2147483647;
			files = (
				827620892B54B33100F00F7B /* DropDelegateTests.swift in Sources */,
			);
			runOnlyForDeploymentPostprocessing = 0;
		};
		8276208A2B54B33100F00F7B /* Sources */ = {
			isa = PBXSourcesBuildPhase;
			buildActionMask = 2147483647;
			files = (
				827620952B54B33100F00F7B /* DropDelegateUITestsLaunchTests.swift in Sources */,
				827620932B54B33100F00F7B /* DropDelegateUITests.swift in Sources */,
			);
			runOnlyForDeploymentPostprocessing = 0;
		};
/* End PBXSourcesBuildPhase section */

/* Begin PBXTargetDependency section */
		827620862B54B33100F00F7B /* PBXTargetDependency */ = {
			isa = PBXTargetDependency;
			target = 827620732B54B33000F00F7B /* DropDelegate */;
			targetProxy = 827620852B54B33100F00F7B /* PBXContainerItemProxy */;
		};
		827620902B54B33100F00F7B /* PBXTargetDependency */ = {
			isa = PBXTargetDependency;
			target = 827620732B54B33000F00F7B /* DropDelegate */;
			targetProxy = 8276208F2B54B33100F00F7B /* PBXContainerItemProxy */;
		};
/* End PBXTargetDependency section */

/* Begin XCBuildConfiguration section */
		827620962B54B33100F00F7B /* Debug */ = {
			isa = XCBuildConfiguration;
			buildSettings = {
				ALWAYS_SEARCH_USER_PATHS = NO;
				ASSETCATALOG_COMPILER_GENERATE_SWIFT_ASSET_SYMBOL_EXTENSIONS = YES;
				CLANG_ANALYZER_NONNULL = YES;
				CLANG_ANALYZER_NUMBER_OBJECT_CONVERSION = YES_AGGRESSIVE;
				CLANG_CXX_LANGUAGE_STANDARD = "gnu++20";
				CLANG_ENABLE_MODULES = YES;
				CLANG_ENABLE_OBJC_ARC = YES;
				CLANG_ENABLE_OBJC_WEAK = YES;
				CLANG_WARN_BLOCK_CAPTURE_AUTORELEASING = YES;
				CLANG_WARN_BOOL_CONVERSION = YES;
				CLANG_WARN_COMMA = YES;
				CLANG_WARN_CONSTANT_CONVERSION = YES;
				CLANG_WARN_DEPRECATED_OBJC_IMPLEMENTATIONS = YES;
				CLANG_WARN_DIRECT_OBJC_ISA_USAGE = YES_ERROR;
				CLANG_WARN_DOCUMENTATION_COMMENTS = YES;
				CLANG_WARN_EMPTY_BODY = YES;
				CLANG_WARN_ENUM_CONVERSION = YES;
				CLANG_WARN_INFINITE_RECURSION = YES;
				CLANG_WARN_INT_CONVERSION = YES;
				CLANG_WARN_NON_LITERAL_NULL_CONVERSION = YES;
				CLANG_WARN_OBJC_IMPLICIT_RETAIN_SELF = YES;
				CLANG_WARN_OBJC_LITERAL_CONVERSION = YES;
				CLANG_WARN_OBJC_ROOT_CLASS = YES_ERROR;
				CLANG_WARN_QUOTED_INCLUDE_IN_FRAMEWORK_HEADER = YES;
				CLANG_WARN_RANGE_LOOP_ANALYSIS = YES;
				CLANG_WARN_STRICT_PROTOTYPES = YES;
				CLANG_WARN_SUSPICIOUS_MOVE = YES;
				CLANG_WARN_UNGUARDED_AVAILABILITY = YES_AGGRESSIVE;
				CLANG_WARN_UNREACHABLE_CODE = YES;
				CLANG_WARN__DUPLICATE_METHOD_MATCH = YES;
				COPY_PHASE_STRIP = NO;
				DEBUG_INFORMATION_FORMAT = dwarf;
				ENABLE_STRICT_OBJC_MSGSEND = YES;
				ENABLE_TESTABILITY = YES;
				ENABLE_USER_SCRIPT_SANDBOXING = YES;
				GCC_C_LANGUAGE_STANDARD = gnu17;
				GCC_DYNAMIC_NO_PIC = NO;
				GCC_NO_COMMON_BLOCKS = YES;
				GCC_OPTIMIZATION_LEVEL = 0;
				GCC_PREPROCESSOR_DEFINITIONS = (
					"DEBUG=1",
					"$(inherited)",
				);
				GCC_WARN_64_TO_32_BIT_CONVERSION = YES;
				GCC_WARN_ABOUT_RETURN_TYPE = YES_ERROR;
				GCC_WARN_UNDECLARED_SELECTOR = YES;
				GCC_WARN_UNINITIALIZED_AUTOS = YES_AGGRESSIVE;
				GCC_WARN_UNUSED_FUNCTION = YES;
				GCC_WARN_UNUSED_VARIABLE = YES;
				IPHONEOS_DEPLOYMENT_TARGET = 17.0;
				LOCALIZATION_PREFERS_STRING_CATALOGS = YES;
				MTL_ENABLE_DEBUG_INFO = INCLUDE_SOURCE;
				MTL_FAST_MATH = YES;
				ONLY_ACTIVE_ARCH = YES;
				SDKROOT = iphoneos;
				SWIFT_ACTIVE_COMPILATION_CONDITIONS = "DEBUG $(inherited)";
				SWIFT_OPTIMIZATION_LEVEL = "-Onone";
			};
			name = Debug;
		};
		827620972B54B33100F00F7B /* Release */ = {
			isa = XCBuildConfiguration;
			buildSettings = {
				ALWAYS_SEARCH_USER_PATHS = NO;
				ASSETCATALOG_COMPILER_GENERATE_SWIFT_ASSET_SYMBOL_EXTENSIONS = YES;
				CLANG_ANALYZER_NONNULL = YES;
				CLANG_ANALYZER_NUMBER_OBJECT_CONVERSION = YES_AGGRESSIVE;
				CLANG_CXX_LANGUAGE_STANDARD = "gnu++20";
				CLANG_ENABLE_MODULES = YES;
				CLANG_ENABLE_OBJC_ARC = YES;
				CLANG_ENABLE_OBJC_WEAK = YES;
				CLANG_WARN_BLOCK_CAPTURE_AUTORELEASING = YES;
				CLANG_WARN_BOOL_CONVERSION = YES;
				CLANG_WARN_COMMA = YES;
				CLANG_WARN_CONSTANT_CONVERSION = YES;
				CLANG_WARN_DEPRECATED_OBJC_IMPLEMENTATIONS = YES;
				CLANG_WARN_DIRECT_OBJC_ISA_USAGE = YES_ERROR;
				CLANG_WARN_DOCUMENTATION_COMMENTS = YES;
				CLANG_WARN_EMPTY_BODY = YES;
				CLANG_WARN_ENUM_CONVERSION = YES;
				CLANG_WARN_INFINITE_RECURSION = YES;
				CLANG_WARN_INT_CONVERSION = YES;
				CLANG_WARN_NON_LITERAL_NULL_CONVERSION = YES;
				CLANG_WARN_OBJC_IMPLICIT_RETAIN_SELF = YES;
				CLANG_WARN_OBJC_LITERAL_CONVERSION = YES;
				CLANG_WARN_OBJC_ROOT_CLASS = YES_ERROR;
				CLANG_WARN_QUOTED_INCLUDE_IN_FRAMEWORK_HEADER = YES;
				CLANG_WARN_RANGE_LOOP_ANALYSIS = YES;
				CLANG_WARN_STRICT_PROTOTYPES = YES;
				CLANG_WARN_SUSPICIOUS_MOVE = YES;
				CLANG_WARN_UNGUARDED_AVAILABILITY = YES_AGGRESSIVE;
				CLANG_WARN_UNREACHABLE_CODE = YES;
				CLANG_WARN__DUPLICATE_METHOD_MATCH = YES;
				COPY_PHASE_STRIP = NO;
				DEBUG_INFORMATION_FORMAT = "dwarf-with-dsym";
				ENABLE_NS_ASSERTIONS = NO;
				ENABLE_STRICT_OBJC_MSGSEND = YES;
				ENABLE_USER_SCRIPT_SANDBOXING = YES;
				GCC_C_LANGUAGE_STANDARD = gnu17;
				GCC_NO_COMMON_BLOCKS = YES;
				GCC_WARN_64_TO_32_BIT_CONVERSION = YES;
				GCC_WARN_ABOUT_RETURN_TYPE = YES_ERROR;
				GCC_WARN_UNDECLARED_SELECTOR = YES;
				GCC_WARN_UNINITIALIZED_AUTOS = YES_AGGRESSIVE;
				GCC_WARN_UNUSED_FUNCTION = YES;
				GCC_WARN_UNUSED_VARIABLE = YES;
				IPHONEOS_DEPLOYMENT_TARGET = 17.0;
				LOCALIZATION_PREFERS_STRING_CATALOGS = YES;
				MTL_ENABLE_DEBUG_INFO = NO;
				MTL_FAST_MATH = YES;
				SDKROOT = iphoneos;
				SWIFT_COMPILATION_MODE = wholemodule;
				VALIDATE_PRODUCT = YES;
			};
			name = Release;
		};
		827620992B54B33100F00F7B /* Debug */ = {
			isa = XCBuildConfiguration;
			buildSettings = {
				ASSETCATALOG_COMPILER_APPICON_NAME = AppIcon;
				ASSETCATALOG_COMPILER_GLOBAL_ACCENT_COLOR_NAME = AccentColor;
				CODE_SIGN_STYLE = Automatic;
				CURRENT_PROJECT_VERSION = 1;
				DEVELOPMENT_ASSET_PATHS = "\"DropDelegate/Preview Content\"";
				DEVELOPMENT_TEAM = CZ785DAQVX;
				ENABLE_PREVIEWS = YES;
				GENERATE_INFOPLIST_FILE = YES;
				INFOPLIST_KEY_UIApplicationSceneManifest_Generation = YES;
				INFOPLIST_KEY_UIApplicationSupportsIndirectInputEvents = YES;
				INFOPLIST_KEY_UILaunchScreen_Generation = YES;
				INFOPLIST_KEY_UISupportedInterfaceOrientations_iPad = "UIInterfaceOrientationPortrait UIInterfaceOrientationPortraitUpsideDown UIInterfaceOrientationLandscapeLeft UIInterfaceOrientationLandscapeRight";
				INFOPLIST_KEY_UISupportedInterfaceOrientations_iPhone = "UIInterfaceOrientationPortrait UIInterfaceOrientationLandscapeLeft UIInterfaceOrientationLandscapeRight";
				LD_RUNPATH_SEARCH_PATHS = (
					"$(inherited)",
					"@executable_path/Frameworks",
				);
				MARKETING_VERSION = 1.0;
				PRODUCT_BUNDLE_IDENTIFIER = temp.co.jp.DropDelegate;
				PRODUCT_NAME = "$(TARGET_NAME)";
				SWIFT_EMIT_LOC_STRINGS = YES;
				SWIFT_VERSION = 5.0;
				TARGETED_DEVICE_FAMILY = "1,2";
			};
			name = Debug;
		};
		8276209A2B54B33100F00F7B /* Release */ = {
			isa = XCBuildConfiguration;
			buildSettings = {
				ASSETCATALOG_COMPILER_APPICON_NAME = AppIcon;
				ASSETCATALOG_COMPILER_GLOBAL_ACCENT_COLOR_NAME = AccentColor;
				CODE_SIGN_STYLE = Automatic;
				CURRENT_PROJECT_VERSION = 1;
				DEVELOPMENT_ASSET_PATHS = "\"DropDelegate/Preview Content\"";
				DEVELOPMENT_TEAM = CZ785DAQVX;
				ENABLE_PREVIEWS = YES;
				GENERATE_INFOPLIST_FILE = YES;
				INFOPLIST_KEY_UIApplicationSceneManifest_Generation = YES;
				INFOPLIST_KEY_UIApplicationSupportsIndirectInputEvents = YES;
				INFOPLIST_KEY_UILaunchScreen_Generation = YES;
				INFOPLIST_KEY_UISupportedInterfaceOrientations_iPad = "UIInterfaceOrientationPortrait UIInterfaceOrientationPortraitUpsideDown UIInterfaceOrientationLandscapeLeft UIInterfaceOrientationLandscapeRight";
				INFOPLIST_KEY_UISupportedInterfaceOrientations_iPhone = "UIInterfaceOrientationPortrait UIInterfaceOrientationLandscapeLeft UIInterfaceOrientationLandscapeRight";
				LD_RUNPATH_SEARCH_PATHS = (
					"$(inherited)",
					"@executable_path/Frameworks",
				);
				MARKETING_VERSION = 1.0;
				PRODUCT_BUNDLE_IDENTIFIER = temp.co.jp.DropDelegate;
				PRODUCT_NAME = "$(TARGET_NAME)";
				SWIFT_EMIT_LOC_STRINGS = YES;
				SWIFT_VERSION = 5.0;
				TARGETED_DEVICE_FAMILY = "1,2";
			};
			name = Release;
		};
		8276209C2B54B33100F00F7B /* Debug */ = {
			isa = XCBuildConfiguration;
			buildSettings = {
				ALWAYS_EMBED_SWIFT_STANDARD_LIBRARIES = YES;
				BUNDLE_LOADER = "$(TEST_HOST)";
				CODE_SIGN_STYLE = Automatic;
				CURRENT_PROJECT_VERSION = 1;
				DEVELOPMENT_TEAM = CZ785DAQVX;
				GENERATE_INFOPLIST_FILE = YES;
				IPHONEOS_DEPLOYMENT_TARGET = 17.0;
				MARKETING_VERSION = 1.0;
				PRODUCT_BUNDLE_IDENTIFIER = temp.co.jp.DropDelegateTests;
				PRODUCT_NAME = "$(TARGET_NAME)";
				SWIFT_EMIT_LOC_STRINGS = NO;
				SWIFT_VERSION = 5.0;
				TARGETED_DEVICE_FAMILY = "1,2";
				TEST_HOST = "$(BUILT_PRODUCTS_DIR)/DropDelegate.app/$(BUNDLE_EXECUTABLE_FOLDER_PATH)/DropDelegate";
			};
			name = Debug;
		};
		8276209D2B54B33100F00F7B /* Release */ = {
			isa = XCBuildConfiguration;
			buildSettings = {
				ALWAYS_EMBED_SWIFT_STANDARD_LIBRARIES = YES;
				BUNDLE_LOADER = "$(TEST_HOST)";
				CODE_SIGN_STYLE = Automatic;
				CURRENT_PROJECT_VERSION = 1;
				DEVELOPMENT_TEAM = CZ785DAQVX;
				GENERATE_INFOPLIST_FILE = YES;
				IPHONEOS_DEPLOYMENT_TARGET = 17.0;
				MARKETING_VERSION = 1.0;
				PRODUCT_BUNDLE_IDENTIFIER = temp.co.jp.DropDelegateTests;
				PRODUCT_NAME = "$(TARGET_NAME)";
				SWIFT_EMIT_LOC_STRINGS = NO;
				SWIFT_VERSION = 5.0;
				TARGETED_DEVICE_FAMILY = "1,2";
				TEST_HOST = "$(BUILT_PRODUCTS_DIR)/DropDelegate.app/$(BUNDLE_EXECUTABLE_FOLDER_PATH)/DropDelegate";
			};
			name = Release;
		};
		8276209F2B54B33100F00F7B /* Debug */ = {
			isa = XCBuildConfiguration;
			buildSettings = {
				ALWAYS_EMBED_SWIFT_STANDARD_LIBRARIES = YES;
				CODE_SIGN_STYLE = Automatic;
				CURRENT_PROJECT_VERSION = 1;
				DEVELOPMENT_TEAM = CZ785DAQVX;
				GENERATE_INFOPLIST_FILE = YES;
				MARKETING_VERSION = 1.0;
				PRODUCT_BUNDLE_IDENTIFIER = temp.co.jp.DropDelegateUITests;
				PRODUCT_NAME = "$(TARGET_NAME)";
				SWIFT_EMIT_LOC_STRINGS = NO;
				SWIFT_VERSION = 5.0;
				TARGETED_DEVICE_FAMILY = "1,2";
				TEST_TARGET_NAME = DropDelegate;
			};
			name = Debug;
		};
		827620A02B54B33100F00F7B /* Release */ = {
			isa = XCBuildConfiguration;
			buildSettings = {
				ALWAYS_EMBED_SWIFT_STANDARD_LIBRARIES = YES;
				CODE_SIGN_STYLE = Automatic;
				CURRENT_PROJECT_VERSION = 1;
				DEVELOPMENT_TEAM = CZ785DAQVX;
				GENERATE_INFOPLIST_FILE = YES;
				MARKETING_VERSION = 1.0;
				PRODUCT_BUNDLE_IDENTIFIER = temp.co.jp.DropDelegateUITests;
				PRODUCT_NAME = "$(TARGET_NAME)";
				SWIFT_EMIT_LOC_STRINGS = NO;
				SWIFT_VERSION = 5.0;
				TARGETED_DEVICE_FAMILY = "1,2";
				TEST_TARGET_NAME = DropDelegate;
			};
			name = Release;
		};
/* End XCBuildConfiguration section */

/* Begin XCConfigurationList section */
		8276206F2B54B33000F00F7B /* Build configuration list for PBXProject "DropDelegate" */ = {
			isa = XCConfigurationList;
			buildConfigurations = (
				827620962B54B33100F00F7B /* Debug */,
				827620972B54B33100F00F7B /* Release */,
			);
			defaultConfigurationIsVisible = 0;
			defaultConfigurationName = Release;
		};
		827620982B54B33100F00F7B /* Build configuration list for PBXNativeTarget "DropDelegate" */ = {
			isa = XCConfigurationList;
			buildConfigurations = (
				827620992B54B33100F00F7B /* Debug */,
				8276209A2B54B33100F00F7B /* Release */,
			);
			defaultConfigurationIsVisible = 0;
			defaultConfigurationName = Release;
		};
		8276209B2B54B33100F00F7B /* Build configuration list for PBXNativeTarget "DropDelegateTests" */ = {
			isa = XCConfigurationList;
			buildConfigurations = (
				8276209C2B54B33100F00F7B /* Debug */,
				8276209D2B54B33100F00F7B /* Release */,
			);
			defaultConfigurationIsVisible = 0;
			defaultConfigurationName = Release;
		};
		8276209E2B54B33100F00F7B /* Build configuration list for PBXNativeTarget "DropDelegateUITests" */ = {
			isa = XCConfigurationList;
			buildConfigurations = (
				8276209F2B54B33100F00F7B /* Debug */,
				827620A02B54B33100F00F7B /* Release */,
			);
			defaultConfigurationIsVisible = 0;
			defaultConfigurationName = Release;
		};
/* End XCConfigurationList section */
	};
	rootObject = 8276206C2B54B33000F00F7B /* Project object */;
}
