// !$*UTF8*$!
{
	archiveVersion = 1;
	classes = {
	};
	objectVersion = 51;
	objects = {

/* Begin PBXBuildFile section */
		492528E824CE70A2005918B9 /* PointInquiryVC.storyboard in Resources */ = {isa = PBXBuildFile; fileRef = 492528E624CE70A2005918B9 /* PointInquiryVC.storyboard */; };
		492528EA24CE70E7005918B9 /* PointInfoVC.swift in Sources */ = {isa = PBXBuildFile; fileRef = 492528E924CE70E7005918B9 /* PointInfoVC.swift */; };
		492528EF24CE7588005918B9 /* PointSummaryView.swift in Sources */ = {isa = PBXBuildFile; fileRef = 492528EE24CE7588005918B9 /* PointSummaryView.swift */; };
		492528F124CE7593005918B9 /* PointSummaryView.xib in Resources */ = {isa = PBXBuildFile; fileRef = 492528F024CE7593005918B9 /* PointSummaryView.xib */; };
		492528F624CEAA35005918B9 /* PointHistoryView.swift in Sources */ = {isa = PBXBuildFile; fileRef = 492528F224CEAA34005918B9 /* PointHistoryView.swift */; };
		492528F724CEAA35005918B9 /* PointHistoryView.xib in Resources */ = {isa = PBXBuildFile; fileRef = 492528F324CEAA35005918B9 /* PointHistoryView.xib */; };
		492528F824CEAA35005918B9 /* PointHistoryItemView.swift in Sources */ = {isa = PBXBuildFile; fileRef = 492528F424CEAA35005918B9 /* PointHistoryItemView.swift */; };
		492528F924CEAA35005918B9 /* PointHistoryItemView.xib in Resources */ = {isa = PBXBuildFile; fileRef = 492528F524CEAA35005918B9 /* PointHistoryItemView.xib */; };
		492528FD24CEB9A0005918B9 /* PointSelectPeriodView.xib in Resources */ = {isa = PBXBuildFile; fileRef = 492528FB24CEB9A0005918B9 /* PointSelectPeriodView.xib */; };
		4925290024CEC26A005918B9 /* PointPagerView.xib in Resources */ = {isa = PBXBuildFile; fileRef = 492528FE24CEC26A005918B9 /* PointPagerView.xib */; };
		4925290124CEC26A005918B9 /* PointPagerView.swift in Sources */ = {isa = PBXBuildFile; fileRef = 492528FF24CEC26A005918B9 /* PointPagerView.swift */; };
		4925290424CEC3E1005918B9 /* PointCardView.xib in Resources */ = {isa = PBXBuildFile; fileRef = 4925290224CEC3E0005918B9 /* PointCardView.xib */; };
		4925290524CEC3E1005918B9 /* PointCardView.swift in Sources */ = {isa = PBXBuildFile; fileRef = 4925290324CEC3E0005918B9 /* PointCardView.swift */; };
		4925290824CEC55C005918B9 /* PointCardItemView.swift in Sources */ = {isa = PBXBuildFile; fileRef = 4925290624CEC55C005918B9 /* PointCardItemView.swift */; };
		4925290924CEC55C005918B9 /* PointCardItemView.xib in Resources */ = {isa = PBXBuildFile; fileRef = 4925290724CEC55C005918B9 /* PointCardItemView.xib */; };
		4925290B24CED1B6005918B9 /* PointSelectPeriodView.swift in Sources */ = {isa = PBXBuildFile; fileRef = 4925290A24CED1B6005918B9 /* PointSelectPeriodView.swift */; };
		4925291024CEE607005918B9 /* PointExchangeHistoryView.swift in Sources */ = {isa = PBXBuildFile; fileRef = 4925290E24CEE607005918B9 /* PointExchangeHistoryView.swift */; };
		4925291124CEE607005918B9 /* PointExchangeHistoryView.xib in Resources */ = {isa = PBXBuildFile; fileRef = 4925290F24CEE607005918B9 /* PointExchangeHistoryView.xib */; };
		4925291424CEE889005918B9 /* PointExchangeHistoryItemView.xib in Resources */ = {isa = PBXBuildFile; fileRef = 4925291224CEE889005918B9 /* PointExchangeHistoryItemView.xib */; };
		4925291524CEE889005918B9 /* PointExchangeHistoryItemView.swift in Sources */ = {isa = PBXBuildFile; fileRef = 4925291324CEE889005918B9 /* PointExchangeHistoryItemView.swift */; };
		4925291824CEF5DB005918B9 /* GetTspayLinks.swift in Sources */ = {isa = PBXBuildFile; fileRef = 4925291724CEF5DB005918B9 /* GetTspayLinks.swift */; };
		4925291A24CEF7C6005918B9 /* GetMallPointRest.swift in Sources */ = {isa = PBXBuildFile; fileRef = 4925291924CEF7C6005918B9 /* GetMallPointRest.swift */; };
		4978647C24CFC5B20084BF7B /* UIButton+Extension.swift in Sources */ = {isa = PBXBuildFile; fileRef = 4978647624CFC5B20084BF7B /* UIButton+Extension.swift */; };
		4978647D24CFC5B20084BF7B /* UIView+Extension.swift in Sources */ = {isa = PBXBuildFile; fileRef = 4978647724CFC5B20084BF7B /* UIView+Extension.swift */; };
		4978647F24CFC5B20084BF7B /* String+Extension.swift in Sources */ = {isa = PBXBuildFile; fileRef = 4978647924CFC5B20084BF7B /* String+Extension.swift */; };
		4978648424CFF17B0084BF7B /* PointMenuView.swift in Sources */ = {isa = PBXBuildFile; fileRef = 4978648224CFF17B0084BF7B /* PointMenuView.swift */; };
		4978648524CFF17B0084BF7B /* PointMenuView.xib in Resources */ = {isa = PBXBuildFile; fileRef = 4978648324CFF17B0084BF7B /* PointMenuView.xib */; };
		4978648724CFF5BB0084BF7B /* GetMallPointHistory.swift in Sources */ = {isa = PBXBuildFile; fileRef = 4978648624CFF5BB0084BF7B /* GetMallPointHistory.swift */; };
		49CDC33D24C67A6B00ED87D6 /* OneViewController.swift in Sources */ = {isa = PBXBuildFile; fileRef = 49CDC33C24C67A6B00ED87D6 /* OneViewController.swift */; };
		6265A2109981780B1B122F35 /* Pods_Sample1128.framework in Frameworks */ = {isa = PBXBuildFile; fileRef = 79C7A0E826D8277750720403 /* Pods_Sample1128.framework */; };
		82C9E774238F919A00EA0B6D /* AppDelegate.swift in Sources */ = {isa = PBXBuildFile; fileRef = 82C9E773238F919A00EA0B6D /* AppDelegate.swift */; };
		82C9E776238F919A00EA0B6D /* SceneDelegate.swift in Sources */ = {isa = PBXBuildFile; fileRef = 82C9E775238F919A00EA0B6D /* SceneDelegate.swift */; };
		82C9E778238F919A00EA0B6D /* FirstViewController.swift in Sources */ = {isa = PBXBuildFile; fileRef = 82C9E777238F919A00EA0B6D /* FirstViewController.swift */; };
		82C9E77D238F919A00EA0B6D /* Main.storyboard in Resources */ = {isa = PBXBuildFile; fileRef = 82C9E77B238F919A00EA0B6D /* Main.storyboard */; };
		82C9E77F238F919B00EA0B6D /* Assets.xcassets in Resources */ = {isa = PBXBuildFile; fileRef = 82C9E77E238F919B00EA0B6D /* Assets.xcassets */; };
		82C9E782238F919B00EA0B6D /* LaunchScreen.storyboard in Resources */ = {isa = PBXBuildFile; fileRef = 82C9E780238F919B00EA0B6D /* LaunchScreen.storyboard */; };
		82C9E78D238F919B00EA0B6D /* Sample1128Tests.swift in Sources */ = {isa = PBXBuildFile; fileRef = 82C9E78C238F919B00EA0B6D /* Sample1128Tests.swift */; };
/* End PBXBuildFile section */

/* Begin PBXContainerItemProxy section */
		82C9E789238F919B00EA0B6D /* PBXContainerItemProxy */ = {
			isa = PBXContainerItemProxy;
			containerPortal = 82C9E768238F919A00EA0B6D /* Project object */;
			proxyType = 1;
			remoteGlobalIDString = 82C9E76F238F919A00EA0B6D;
			remoteInfo = Sample1128;
		};
/* End PBXContainerItemProxy section */

/* Begin PBXFileReference section */
		492528E724CE70A2005918B9 /* Base */ = {isa = PBXFileReference; lastKnownFileType = file.storyboard; name = Base; path = Base.lproj/PointInquiryVC.storyboard; sourceTree = "<group>"; };
		492528E924CE70E7005918B9 /* PointInfoVC.swift */ = {isa = PBXFileReference; lastKnownFileType = sourcecode.swift; path = PointInfoVC.swift; sourceTree = "<group>"; };
		492528EE24CE7588005918B9 /* PointSummaryView.swift */ = {isa = PBXFileReference; fileEncoding = 4; lastKnownFileType = sourcecode.swift; path = PointSummaryView.swift; sourceTree = "<group>"; };
		492528F024CE7593005918B9 /* PointSummaryView.xib */ = {isa = PBXFileReference; lastKnownFileType = file.xib; path = PointSummaryView.xib; sourceTree = "<group>"; };
		492528F224CEAA34005918B9 /* PointHistoryView.swift */ = {isa = PBXFileReference; fileEncoding = 4; lastKnownFileType = sourcecode.swift; path = PointHistoryView.swift; sourceTree = "<group>"; };
		492528F324CEAA35005918B9 /* PointHistoryView.xib */ = {isa = PBXFileReference; fileEncoding = 4; lastKnownFileType = file.xib; path = PointHistoryView.xib; sourceTree = "<group>"; };
		492528F424CEAA35005918B9 /* PointHistoryItemView.swift */ = {isa = PBXFileReference; fileEncoding = 4; lastKnownFileType = sourcecode.swift; path = PointHistoryItemView.swift; sourceTree = "<group>"; };
		492528F524CEAA35005918B9 /* PointHistoryItemView.xib */ = {isa = PBXFileReference; fileEncoding = 4; lastKnownFileType = file.xib; path = PointHistoryItemView.xib; sourceTree = "<group>"; };
		492528FB24CEB9A0005918B9 /* PointSelectPeriodView.xib */ = {isa = PBXFileReference; fileEncoding = 4; lastKnownFileType = file.xib; path = PointSelectPeriodView.xib; sourceTree = "<group>"; };
		492528FE24CEC26A005918B9 /* PointPagerView.xib */ = {isa = PBXFileReference; fileEncoding = 4; lastKnownFileType = file.xib; path = PointPagerView.xib; sourceTree = "<group>"; };
		492528FF24CEC26A005918B9 /* PointPagerView.swift */ = {isa = PBXFileReference; fileEncoding = 4; lastKnownFileType = sourcecode.swift; path = PointPagerView.swift; sourceTree = "<group>"; };
		4925290224CEC3E0005918B9 /* PointCardView.xib */ = {isa = PBXFileReference; fileEncoding = 4; lastKnownFileType = file.xib; path = PointCardView.xib; sourceTree = "<group>"; };
		4925290324CEC3E0005918B9 /* PointCardView.swift */ = {isa = PBXFileReference; fileEncoding = 4; lastKnownFileType = sourcecode.swift; path = PointCardView.swift; sourceTree = "<group>"; };
		4925290624CEC55C005918B9 /* PointCardItemView.swift */ = {isa = PBXFileReference; fileEncoding = 4; lastKnownFileType = sourcecode.swift; path = PointCardItemView.swift; sourceTree = "<group>"; };
		4925290724CEC55C005918B9 /* PointCardItemView.xib */ = {isa = PBXFileReference; fileEncoding = 4; lastKnownFileType = file.xib; path = PointCardItemView.xib; sourceTree = "<group>"; };
		4925290A24CED1B6005918B9 /* PointSelectPeriodView.swift */ = {isa = PBXFileReference; fileEncoding = 4; lastKnownFileType = sourcecode.swift; path = PointSelectPeriodView.swift; sourceTree = "<group>"; };
		4925290E24CEE607005918B9 /* PointExchangeHistoryView.swift */ = {isa = PBXFileReference; fileEncoding = 4; lastKnownFileType = sourcecode.swift; path = PointExchangeHistoryView.swift; sourceTree = "<group>"; };
		4925290F24CEE607005918B9 /* PointExchangeHistoryView.xib */ = {isa = PBXFileReference; fileEncoding = 4; lastKnownFileType = file.xib; path = PointExchangeHistoryView.xib; sourceTree = "<group>"; };
		4925291224CEE889005918B9 /* PointExchangeHistoryItemView.xib */ = {isa = PBXFileReference; fileEncoding = 4; lastKnownFileType = file.xib; path = PointExchangeHistoryItemView.xib; sourceTree = "<group>"; };
		4925291324CEE889005918B9 /* PointExchangeHistoryItemView.swift */ = {isa = PBXFileReference; fileEncoding = 4; lastKnownFileType = sourcecode.swift; path = PointExchangeHistoryItemView.swift; sourceTree = "<group>"; };
		4925291724CEF5DB005918B9 /* GetTspayLinks.swift */ = {isa = PBXFileReference; fileEncoding = 4; lastKnownFileType = sourcecode.swift; path = GetTspayLinks.swift; sourceTree = "<group>"; };
		4925291924CEF7C6005918B9 /* GetMallPointRest.swift */ = {isa = PBXFileReference; fileEncoding = 4; lastKnownFileType = sourcecode.swift; path = GetMallPointRest.swift; sourceTree = "<group>"; };
		4978647624CFC5B20084BF7B /* UIButton+Extension.swift */ = {isa = PBXFileReference; fileEncoding = 4; lastKnownFileType = sourcecode.swift; path = "UIButton+Extension.swift"; sourceTree = "<group>"; };
		4978647724CFC5B20084BF7B /* UIView+Extension.swift */ = {isa = PBXFileReference; fileEncoding = 4; lastKnownFileType = sourcecode.swift; path = "UIView+Extension.swift"; sourceTree = "<group>"; };
		4978647924CFC5B20084BF7B /* String+Extension.swift */ = {isa = PBXFileReference; fileEncoding = 4; lastKnownFileType = sourcecode.swift; path = "String+Extension.swift"; sourceTree = "<group>"; };
		4978648224CFF17B0084BF7B /* PointMenuView.swift */ = {isa = PBXFileReference; fileEncoding = 4; lastKnownFileType = sourcecode.swift; path = PointMenuView.swift; sourceTree = "<group>"; };
		4978648324CFF17B0084BF7B /* PointMenuView.xib */ = {isa = PBXFileReference; fileEncoding = 4; lastKnownFileType = file.xib; path = PointMenuView.xib; sourceTree = "<group>"; };
		4978648624CFF5BB0084BF7B /* GetMallPointHistory.swift */ = {isa = PBXFileReference; fileEncoding = 4; lastKnownFileType = sourcecode.swift; path = GetMallPointHistory.swift; sourceTree = "<group>"; };
		49CDC33C24C67A6B00ED87D6 /* OneViewController.swift */ = {isa = PBXFileReference; lastKnownFileType = sourcecode.swift; path = OneViewController.swift; sourceTree = "<group>"; };
		5E19E16B8E478AC913F9A91A /* Pods-Sample1128.debug.xcconfig */ = {isa = PBXFileReference; includeInIndex = 1; lastKnownFileType = text.xcconfig; name = "Pods-Sample1128.debug.xcconfig"; path = "Target Support Files/Pods-Sample1128/Pods-Sample1128.debug.xcconfig"; sourceTree = "<group>"; };
		79C7A0E826D8277750720403 /* Pods_Sample1128.framework */ = {isa = PBXFileReference; explicitFileType = wrapper.framework; includeInIndex = 0; path = Pods_Sample1128.framework; sourceTree = BUILT_PRODUCTS_DIR; };
		82C9E770238F919A00EA0B6D /* Sample1128.app */ = {isa = PBXFileReference; explicitFileType = wrapper.application; includeInIndex = 0; path = Sample1128.app; sourceTree = BUILT_PRODUCTS_DIR; };
		82C9E773238F919A00EA0B6D /* AppDelegate.swift */ = {isa = PBXFileReference; lastKnownFileType = sourcecode.swift; path = AppDelegate.swift; sourceTree = "<group>"; };
		82C9E775238F919A00EA0B6D /* SceneDelegate.swift */ = {isa = PBXFileReference; lastKnownFileType = sourcecode.swift; path = SceneDelegate.swift; sourceTree = "<group>"; };
		82C9E777238F919A00EA0B6D /* FirstViewController.swift */ = {isa = PBXFileReference; lastKnownFileType = sourcecode.swift; path = FirstViewController.swift; sourceTree = "<group>"; };
		82C9E77C238F919A00EA0B6D /* Base */ = {isa = PBXFileReference; lastKnownFileType = file.storyboard; name = Base; path = Base.lproj/Main.storyboard; sourceTree = "<group>"; };
		82C9E77E238F919B00EA0B6D /* Assets.xcassets */ = {isa = PBXFileReference; lastKnownFileType = folder.assetcatalog; path = Assets.xcassets; sourceTree = "<group>"; };
		82C9E781238F919B00EA0B6D /* Base */ = {isa = PBXFileReference; lastKnownFileType = file.storyboard; name = Base; path = Base.lproj/LaunchScreen.storyboard; sourceTree = "<group>"; };
		82C9E783238F919B00EA0B6D /* Info.plist */ = {isa = PBXFileReference; lastKnownFileType = text.plist.xml; path = Info.plist; sourceTree = "<group>"; };
		82C9E788238F919B00EA0B6D /* Sample1128Tests.xctest */ = {isa = PBXFileReference; explicitFileType = wrapper.cfbundle; includeInIndex = 0; path = Sample1128Tests.xctest; sourceTree = BUILT_PRODUCTS_DIR; };
		82C9E78C238F919B00EA0B6D /* Sample1128Tests.swift */ = {isa = PBXFileReference; lastKnownFileType = sourcecode.swift; path = Sample1128Tests.swift; sourceTree = "<group>"; };
		82C9E78E238F919B00EA0B6D /* Info.plist */ = {isa = PBXFileReference; lastKnownFileType = text.plist.xml; path = Info.plist; sourceTree = "<group>"; };
		BB4E332A33217BD640112B67 /* Pods-Sample1128.release.xcconfig */ = {isa = PBXFileReference; includeInIndex = 1; lastKnownFileType = text.xcconfig; name = "Pods-Sample1128.release.xcconfig"; path = "Target Support Files/Pods-Sample1128/Pods-Sample1128.release.xcconfig"; sourceTree = "<group>"; };
/* End PBXFileReference section */

/* Begin PBXFrameworksBuildPhase section */
		82C9E76D238F919A00EA0B6D /* Frameworks */ = {
			isa = PBXFrameworksBuildPhase;
			buildActionMask = 2147483647;
			files = (
				6265A2109981780B1B122F35 /* Pods_Sample1128.framework in Frameworks */,
			);
			runOnlyForDeploymentPostprocessing = 0;
		};
		82C9E785238F919B00EA0B6D /* Frameworks */ = {
			isa = PBXFrameworksBuildPhase;
			buildActionMask = 2147483647;
			files = (
			);
			runOnlyForDeploymentPostprocessing = 0;
		};
/* End PBXFrameworksBuildPhase section */

/* Begin PBXGroup section */
		492528ED24CE756B005918B9 /* View */ = {
			isa = PBXGroup;
			children = (
				4978648224CFF17B0084BF7B /* PointMenuView.swift */,
				4978648324CFF17B0084BF7B /* PointMenuView.xib */,
				492528EE24CE7588005918B9 /* PointSummaryView.swift */,
				492528F024CE7593005918B9 /* PointSummaryView.xib */,
				492528F224CEAA34005918B9 /* PointHistoryView.swift */,
				492528F324CEAA35005918B9 /* PointHistoryView.xib */,
				492528F424CEAA35005918B9 /* PointHistoryItemView.swift */,
				492528F524CEAA35005918B9 /* PointHistoryItemView.xib */,
				4925290A24CED1B6005918B9 /* PointSelectPeriodView.swift */,
				492528FB24CEB9A0005918B9 /* PointSelectPeriodView.xib */,
				492528FF24CEC26A005918B9 /* PointPagerView.swift */,
				492528FE24CEC26A005918B9 /* PointPagerView.xib */,
				4925290324CEC3E0005918B9 /* PointCardView.swift */,
				4925290224CEC3E0005918B9 /* PointCardView.xib */,
				4925290624CEC55C005918B9 /* PointCardItemView.swift */,
				4925290724CEC55C005918B9 /* PointCardItemView.xib */,
				4925290E24CEE607005918B9 /* PointExchangeHistoryView.swift */,
				4925290F24CEE607005918B9 /* PointExchangeHistoryView.xib */,
				4925291324CEE889005918B9 /* PointExchangeHistoryItemView.swift */,
				4925291224CEE889005918B9 /* PointExchangeHistoryItemView.xib */,
			);
			path = View;
			sourceTree = "<group>";
		};
		4925291624CEF5DB005918B9 /* Entity */ = {
			isa = PBXGroup;
			children = (
				4925291724CEF5DB005918B9 /* GetTspayLinks.swift */,
				4978648624CFF5BB0084BF7B /* GetMallPointHistory.swift */,
				4925291924CEF7C6005918B9 /* GetMallPointRest.swift */,
			);
			path = Entity;
			sourceTree = "<group>";
		};
		4978647524CFC5B20084BF7B /* Utils */ = {
			isa = PBXGroup;
			children = (
				4978647624CFC5B20084BF7B /* UIButton+Extension.swift */,
				4978647724CFC5B20084BF7B /* UIView+Extension.swift */,
				4978647924CFC5B20084BF7B /* String+Extension.swift */,
			);
			path = Utils;
			sourceTree = "<group>";
		};
		5B0BD0F36AFCBE4B13949282 /* Frameworks */ = {
			isa = PBXGroup;
			children = (
				79C7A0E826D8277750720403 /* Pods_Sample1128.framework */,
			);
			name = Frameworks;
			sourceTree = "<group>";
		};
		82C9E767238F919A00EA0B6D = {
			isa = PBXGroup;
			children = (
				82C9E772238F919A00EA0B6D /* Sample1128 */,
				82C9E78B238F919B00EA0B6D /* Sample1128Tests */,
				82C9E771238F919A00EA0B6D /* Products */,
				D051A12A9A509217FD8D36A9 /* Pods */,
				5B0BD0F36AFCBE4B13949282 /* Frameworks */,
			);
			sourceTree = "<group>";
		};
		82C9E771238F919A00EA0B6D /* Products */ = {
			isa = PBXGroup;
			children = (
				82C9E770238F919A00EA0B6D /* Sample1128.app */,
				82C9E788238F919B00EA0B6D /* Sample1128Tests.xctest */,
			);
			name = Products;
			sourceTree = "<group>";
		};
		82C9E772238F919A00EA0B6D /* Sample1128 */ = {
			isa = PBXGroup;
			children = (
				4978647524CFC5B20084BF7B /* Utils */,
				4925291624CEF5DB005918B9 /* Entity */,
				82C9E773238F919A00EA0B6D /* AppDelegate.swift */,
				82C9E775238F919A00EA0B6D /* SceneDelegate.swift */,
				82C9E777238F919A00EA0B6D /* FirstViewController.swift */,
				492528E924CE70E7005918B9 /* PointInfoVC.swift */,
				492528E624CE70A2005918B9 /* PointInquiryVC.storyboard */,
				49CDC33C24C67A6B00ED87D6 /* OneViewController.swift */,
				82C9E77B238F919A00EA0B6D /* Main.storyboard */,
				82C9E77E238F919B00EA0B6D /* Assets.xcassets */,
				82C9E780238F919B00EA0B6D /* LaunchScreen.storyboard */,
				492528ED24CE756B005918B9 /* View */,
				82C9E783238F919B00EA0B6D /* Info.plist */,
			);
			path = Sample1128;
			sourceTree = "<group>";
		};
		82C9E78B238F919B00EA0B6D /* Sample1128Tests */ = {
			isa = PBXGroup;
			children = (
				82C9E78C238F919B00EA0B6D /* Sample1128Tests.swift */,
				82C9E78E238F919B00EA0B6D /* Info.plist */,
			);
			path = Sample1128Tests;
			sourceTree = "<group>";
		};
		D051A12A9A509217FD8D36A9 /* Pods */ = {
			isa = PBXGroup;
			children = (
				5E19E16B8E478AC913F9A91A /* Pods-Sample1128.debug.xcconfig */,
				BB4E332A33217BD640112B67 /* Pods-Sample1128.release.xcconfig */,
			);
			path = Pods;
			sourceTree = "<group>";
		};
/* End PBXGroup section */

/* Begin PBXNativeTarget section */
		82C9E76F238F919A00EA0B6D /* Sample1128 */ = {
			isa = PBXNativeTarget;
			buildConfigurationList = 82C9E791238F919B00EA0B6D /* Build configuration list for PBXNativeTarget "Sample1128" */;
			buildPhases = (
				8482A3A8F071B2149B7129DB /* [CP] Check Pods Manifest.lock */,
				82C9E76C238F919A00EA0B6D /* Sources */,
				82C9E76D238F919A00EA0B6D /* Frameworks */,
				82C9E76E238F919A00EA0B6D /* Resources */,
				7A7F37DA1598A288CB261CFC /* [CP] Embed Pods Frameworks */,
			);
			buildRules = (
			);
			dependencies = (
			);
			name = Sample1128;
			productName = Sample1128;
			productReference = 82C9E770238F919A00EA0B6D /* Sample1128.app */;
			productType = "com.apple.product-type.application";
		};
		82C9E787238F919B00EA0B6D /* Sample1128Tests */ = {
			isa = PBXNativeTarget;
			buildConfigurationList = 82C9E794238F919B00EA0B6D /* Build configuration list for PBXNativeTarget "Sample1128Tests" */;
			buildPhases = (
				82C9E784238F919B00EA0B6D /* Sources */,
				82C9E785238F919B00EA0B6D /* Frameworks */,
				82C9E786238F919B00EA0B6D /* Resources */,
			);
			buildRules = (
			);
			dependencies = (
				82C9E78A238F919B00EA0B6D /* PBXTargetDependency */,
			);
			name = Sample1128Tests;
			productName = Sample1128Tests;
			productReference = 82C9E788238F919B00EA0B6D /* Sample1128Tests.xctest */;
			productType = "com.apple.product-type.bundle.unit-test";
		};
/* End PBXNativeTarget section */

/* Begin PBXProject section */
		82C9E768238F919A00EA0B6D /* Project object */ = {
			isa = PBXProject;
			attributes = {
				LastSwiftUpdateCheck = 1100;
				LastUpgradeCheck = 1100;
				ORGANIZATIONNAME = "TAKESHI SHIMADA";
				TargetAttributes = {
					82C9E76F238F919A00EA0B6D = {
						CreatedOnToolsVersion = 11.0;
					};
					82C9E787238F919B00EA0B6D = {
						CreatedOnToolsVersion = 11.0;
						TestTargetID = 82C9E76F238F919A00EA0B6D;
					};
				};
			};
			buildConfigurationList = 82C9E76B238F919A00EA0B6D /* Build configuration list for PBXProject "Sample1128" */;
			compatibilityVersion = "Xcode 9.3";
			developmentRegion = en;
			hasScannedForEncodings = 0;
			knownRegions = (
				en,
				Base,
			);
			mainGroup = 82C9E767238F919A00EA0B6D;
			productRefGroup = 82C9E771238F919A00EA0B6D /* Products */;
			projectDirPath = "";
			projectRoot = "";
			targets = (
				82C9E76F238F919A00EA0B6D /* Sample1128 */,
				82C9E787238F919B00EA0B6D /* Sample1128Tests */,
			);
		};
/* End PBXProject section */

/* Begin PBXResourcesBuildPhase section */
		82C9E76E238F919A00EA0B6D /* Resources */ = {
			isa = PBXResourcesBuildPhase;
			buildActionMask = 2147483647;
			files = (
				4978648524CFF17B0084BF7B /* PointMenuView.xib in Resources */,
				492528F724CEAA35005918B9 /* PointHistoryView.xib in Resources */,
				4925290424CEC3E1005918B9 /* PointCardView.xib in Resources */,
				82C9E782238F919B00EA0B6D /* LaunchScreen.storyboard in Resources */,
				492528F124CE7593005918B9 /* PointSummaryView.xib in Resources */,
				82C9E77F238F919B00EA0B6D /* Assets.xcassets in Resources */,
				492528FD24CEB9A0005918B9 /* PointSelectPeriodView.xib in Resources */,
				492528E824CE70A2005918B9 /* PointInquiryVC.storyboard in Resources */,
				4925290924CEC55C005918B9 /* PointCardItemView.xib in Resources */,
				4925291124CEE607005918B9 /* PointExchangeHistoryView.xib in Resources */,
				82C9E77D238F919A00EA0B6D /* Main.storyboard in Resources */,
				492528F924CEAA35005918B9 /* PointHistoryItemView.xib in Resources */,
				4925290024CEC26A005918B9 /* PointPagerView.xib in Resources */,
				4925291424CEE889005918B9 /* PointExchangeHistoryItemView.xib in Resources */,
			);
			runOnlyForDeploymentPostprocessing = 0;
		};
		82C9E786238F919B00EA0B6D /* Resources */ = {
			isa = PBXResourcesBuildPhase;
			buildActionMask = 2147483647;
			files = (
			);
			runOnlyForDeploymentPostprocessing = 0;
		};
/* End PBXResourcesBuildPhase section */

/* Begin PBXShellScriptBuildPhase section */
		7A7F37DA1598A288CB261CFC /* [CP] Embed Pods Frameworks */ = {
			isa = PBXShellScriptBuildPhase;
			buildActionMask = 2147483647;
			files = (
			);
			inputFileListPaths = (
				"${PODS_ROOT}/Target Support Files/Pods-Sample1128/Pods-Sample1128-frameworks-${CONFIGURATION}-input-files.xcfilelist",
			);
			name = "[CP] Embed Pods Frameworks";
			outputFileListPaths = (
				"${PODS_ROOT}/Target Support Files/Pods-Sample1128/Pods-Sample1128-frameworks-${CONFIGURATION}-output-files.xcfilelist",
			);
			runOnlyForDeploymentPostprocessing = 0;
			shellPath = /bin/sh;
			shellScript = "\"${PODS_ROOT}/Target Support Files/Pods-Sample1128/Pods-Sample1128-frameworks.sh\"\n";
			showEnvVarsInLog = 0;
		};
		8482A3A8F071B2149B7129DB /* [CP] Check Pods Manifest.lock */ = {
			isa = PBXShellScriptBuildPhase;
			buildActionMask = 2147483647;
			files = (
			);
			inputFileListPaths = (
			);
			inputPaths = (
				"${PODS_PODFILE_DIR_PATH}/Podfile.lock",
				"${PODS_ROOT}/Manifest.lock",
			);
			name = "[CP] Check Pods Manifest.lock";
			outputFileListPaths = (
			);
			outputPaths = (
				"$(DERIVED_FILE_DIR)/Pods-Sample1128-checkManifestLockResult.txt",
			);
			runOnlyForDeploymentPostprocessing = 0;
			shellPath = /bin/sh;
			shellScript = "diff \"${PODS_PODFILE_DIR_PATH}/Podfile.lock\" \"${PODS_ROOT}/Manifest.lock\" > /dev/null\nif [ $? != 0 ] ; then\n    # print error to STDERR\n    echo \"error: The sandbox is not in sync with the Podfile.lock. Run 'pod install' or update your CocoaPods installation.\" >&2\n    exit 1\nfi\n# This output is used by Xcode 'outputs' to avoid re-running this script phase.\necho \"SUCCESS\" > \"${SCRIPT_OUTPUT_FILE_0}\"\n";
			showEnvVarsInLog = 0;
		};
/* End PBXShellScriptBuildPhase section */

/* Begin PBXSourcesBuildPhase section */
		82C9E76C238F919A00EA0B6D /* Sources */ = {
			isa = PBXSourcesBuildPhase;
			buildActionMask = 2147483647;
			files = (
				4925290824CEC55C005918B9 /* PointCardItemView.swift in Sources */,
				4925290B24CED1B6005918B9 /* PointSelectPeriodView.swift in Sources */,
				492528EF24CE7588005918B9 /* PointSummaryView.swift in Sources */,
				4978647C24CFC5B20084BF7B /* UIButton+Extension.swift in Sources */,
				4925291024CEE607005918B9 /* PointExchangeHistoryView.swift in Sources */,
				82C9E778238F919A00EA0B6D /* FirstViewController.swift in Sources */,
				4925290124CEC26A005918B9 /* PointPagerView.swift in Sources */,
				4925291824CEF5DB005918B9 /* GetTspayLinks.swift in Sources */,
				4978648724CFF5BB0084BF7B /* GetMallPointHistory.swift in Sources */,
				4978647F24CFC5B20084BF7B /* String+Extension.swift in Sources */,
				82C9E774238F919A00EA0B6D /* AppDelegate.swift in Sources */,
				4925290524CEC3E1005918B9 /* PointCardView.swift in Sources */,
				492528F824CEAA35005918B9 /* PointHistoryItemView.swift in Sources */,
				4978648424CFF17B0084BF7B /* PointMenuView.swift in Sources */,
				82C9E776238F919A00EA0B6D /* SceneDelegate.swift in Sources */,
				4978647D24CFC5B20084BF7B /* UIView+Extension.swift in Sources */,
				492528EA24CE70E7005918B9 /* PointInfoVC.swift in Sources */,
				49CDC33D24C67A6B00ED87D6 /* OneViewController.swift in Sources */,
				492528F624CEAA35005918B9 /* PointHistoryView.swift in Sources */,
				4925291524CEE889005918B9 /* PointExchangeHistoryItemView.swift in Sources */,
				4925291A24CEF7C6005918B9 /* GetMallPointRest.swift in Sources */,
			);
			runOnlyForDeploymentPostprocessing = 0;
		};
		82C9E784238F919B00EA0B6D /* Sources */ = {
			isa = PBXSourcesBuildPhase;
			buildActionMask = 2147483647;
			files = (
				82C9E78D238F919B00EA0B6D /* Sample1128Tests.swift in Sources */,
			);
			runOnlyForDeploymentPostprocessing = 0;
		};
/* End PBXSourcesBuildPhase section */

/* Begin PBXTargetDependency section */
		82C9E78A238F919B00EA0B6D /* PBXTargetDependency */ = {
			isa = PBXTargetDependency;
			target = 82C9E76F238F919A00EA0B6D /* Sample1128 */;
			targetProxy = 82C9E789238F919B00EA0B6D /* PBXContainerItemProxy */;
		};
/* End PBXTargetDependency section */

/* Begin PBXVariantGroup section */
		492528E624CE70A2005918B9 /* PointInquiryVC.storyboard */ = {
			isa = PBXVariantGroup;
			children = (
				492528E724CE70A2005918B9 /* Base */,
			);
			name = PointInquiryVC.storyboard;
			sourceTree = "<group>";
		};
		82C9E77B238F919A00EA0B6D /* Main.storyboard */ = {
			isa = PBXVariantGroup;
			children = (
				82C9E77C238F919A00EA0B6D /* Base */,
			);
			name = Main.storyboard;
			sourceTree = "<group>";
		};
		82C9E780238F919B00EA0B6D /* LaunchScreen.storyboard */ = {
			isa = PBXVariantGroup;
			children = (
				82C9E781238F919B00EA0B6D /* Base */,
			);
			name = LaunchScreen.storyboard;
			sourceTree = "<group>";
		};
/* End PBXVariantGroup section */

/* Begin XCBuildConfiguration section */
		82C9E78F238F919B00EA0B6D /* Debug */ = {
			isa = XCBuildConfiguration;
			buildSettings = {
				ALWAYS_SEARCH_USER_PATHS = NO;
				CLANG_ANALYZER_NONNULL = YES;
				CLANG_ANALYZER_NUMBER_OBJECT_CONVERSION = YES_AGGRESSIVE;
				CLANG_CXX_LANGUAGE_STANDARD = "gnu++14";
				CLANG_CXX_LIBRARY = "libc++";
				CLANG_ENABLE_MODULES = YES;
				CLANG_ENABLE_OBJC_ARC = YES;
				CLANG_ENABLE_OBJC_WEAK = YES;
				CLANG_WARN_BLOCK_CAPTURE_AUTORELEASING = YES;
				CLANG_WARN_BOOL_CONVERSION = YES;
				CLANG_WARN_COMMA = YES;
				CLANG_WARN_CONSTANT_CONVERSION = YES;
				CLANG_WARN_DEPRECATED_OBJC_IMPLEMENTATIONS = YES;
				CLANG_WARN_DIRECT_OBJC_ISA_USAGE = YES_ERROR;
				CLANG_WARN_DOCUMENTATION_COMMENTS = YES;
				CLANG_WARN_EMPTY_BODY = YES;
				CLANG_WARN_ENUM_CONVERSION = YES;
				CLANG_WARN_INFINITE_RECURSION = YES;
				CLANG_WARN_INT_CONVERSION = YES;
				CLANG_WARN_NON_LITERAL_NULL_CONVERSION = YES;
				CLANG_WARN_OBJC_IMPLICIT_RETAIN_SELF = YES;
				CLANG_WARN_OBJC_LITERAL_CONVERSION = YES;
				CLANG_WARN_OBJC_ROOT_CLASS = YES_ERROR;
				CLANG_WARN_RANGE_LOOP_ANALYSIS = YES;
				CLANG_WARN_STRICT_PROTOTYPES = YES;
				CLANG_WARN_SUSPICIOUS_MOVE = YES;
				CLANG_WARN_UNGUARDED_AVAILABILITY = YES_AGGRESSIVE;
				CLANG_WARN_UNREACHABLE_CODE = YES;
				CLANG_WARN__DUPLICATE_METHOD_MATCH = YES;
				COPY_PHASE_STRIP = NO;
				DEBUG_INFORMATION_FORMAT = dwarf;
				ENABLE_STRICT_OBJC_MSGSEND = YES;
				ENABLE_TESTABILITY = YES;
				GCC_C_LANGUAGE_STANDARD = gnu11;
				GCC_DYNAMIC_NO_PIC = NO;
				GCC_NO_COMMON_BLOCKS = YES;
				GCC_OPTIMIZATION_LEVEL = 0;
				GCC_PREPROCESSOR_DEFINITIONS = (
					"DEBUG=1",
					"$(inherited)",
				);
				GCC_WARN_64_TO_32_BIT_CONVERSION = YES;
				GCC_WARN_ABOUT_RETURN_TYPE = YES_ERROR;
				GCC_WARN_UNDECLARED_SELECTOR = YES;
				GCC_WARN_UNINITIALIZED_AUTOS = YES_AGGRESSIVE;
				GCC_WARN_UNUSED_FUNCTION = YES;
				GCC_WARN_UNUSED_VARIABLE = YES;
				IPHONEOS_DEPLOYMENT_TARGET = 13.0;
				MTL_ENABLE_DEBUG_INFO = INCLUDE_SOURCE;
				MTL_FAST_MATH = YES;
				ONLY_ACTIVE_ARCH = YES;
				SDKROOT = iphoneos;
				SWIFT_ACTIVE_COMPILATION_CONDITIONS = DEBUG;
				SWIFT_OPTIMIZATION_LEVEL = "-Onone";
			};
			name = Debug;
		};
		82C9E790238F919B00EA0B6D /* Release */ = {
			isa = XCBuildConfiguration;
			buildSettings = {
				ALWAYS_SEARCH_USER_PATHS = NO;
				CLANG_ANALYZER_NONNULL = YES;
				CLANG_ANALYZER_NUMBER_OBJECT_CONVERSION = YES_AGGRESSIVE;
				CLANG_CXX_LANGUAGE_STANDARD = "gnu++14";
				CLANG_CXX_LIBRARY = "libc++";
				CLANG_ENABLE_MODULES = YES;
				CLANG_ENABLE_OBJC_ARC = YES;
				CLANG_ENABLE_OBJC_WEAK = YES;
				CLANG_WARN_BLOCK_CAPTURE_AUTORELEASING = YES;
				CLANG_WARN_BOOL_CONVERSION = YES;
				CLANG_WARN_COMMA = YES;
				CLANG_WARN_CONSTANT_CONVERSION = YES;
				CLANG_WARN_DEPRECATED_OBJC_IMPLEMENTATIONS = YES;
				CLANG_WARN_DIRECT_OBJC_ISA_USAGE = YES_ERROR;
				CLANG_WARN_DOCUMENTATION_COMMENTS = YES;
				CLANG_WARN_EMPTY_BODY = YES;
				CLANG_WARN_ENUM_CONVERSION = YES;
				CLANG_WARN_INFINITE_RECURSION = YES;
				CLANG_WARN_INT_CONVERSION = YES;
				CLANG_WARN_NON_LITERAL_NULL_CONVERSION = YES;
				CLANG_WARN_OBJC_IMPLICIT_RETAIN_SELF = YES;
				CLANG_WARN_OBJC_LITERAL_CONVERSION = YES;
				CLANG_WARN_OBJC_ROOT_CLASS = YES_ERROR;
				CLANG_WARN_RANGE_LOOP_ANALYSIS = YES;
				CLANG_WARN_STRICT_PROTOTYPES = YES;
				CLANG_WARN_SUSPICIOUS_MOVE = YES;
				CLANG_WARN_UNGUARDED_AVAILABILITY = YES_AGGRESSIVE;
				CLANG_WARN_UNREACHABLE_CODE = YES;
				CLANG_WARN__DUPLICATE_METHOD_MATCH = YES;
				COPY_PHASE_STRIP = NO;
				DEBUG_INFORMATION_FORMAT = "dwarf-with-dsym";
				ENABLE_NS_ASSERTIONS = NO;
				ENABLE_STRICT_OBJC_MSGSEND = YES;
				GCC_C_LANGUAGE_STANDARD = gnu11;
				GCC_NO_COMMON_BLOCKS = YES;
				GCC_WARN_64_TO_32_BIT_CONVERSION = YES;
				GCC_WARN_ABOUT_RETURN_TYPE = YES_ERROR;
				GCC_WARN_UNDECLARED_SELECTOR = YES;
				GCC_WARN_UNINITIALIZED_AUTOS = YES_AGGRESSIVE;
				GCC_WARN_UNUSED_FUNCTION = YES;
				GCC_WARN_UNUSED_VARIABLE = YES;
				IPHONEOS_DEPLOYMENT_TARGET = 13.0;
				MTL_ENABLE_DEBUG_INFO = NO;
				MTL_FAST_MATH = YES;
				SDKROOT = iphoneos;
				SWIFT_COMPILATION_MODE = wholemodule;
				SWIFT_OPTIMIZATION_LEVEL = "-O";
				VALIDATE_PRODUCT = YES;
			};
			name = Release;
		};
		82C9E792238F919B00EA0B6D /* Debug */ = {
			isa = XCBuildConfiguration;
			baseConfigurationReference = 5E19E16B8E478AC913F9A91A /* Pods-Sample1128.debug.xcconfig */;
			buildSettings = {
				ASSETCATALOG_COMPILER_APPICON_NAME = AppIcon;
				CODE_SIGN_STYLE = Automatic;
				DEVELOPMENT_TEAM = CZ785DAQVX;
				INFOPLIST_FILE = Sample1128/Info.plist;
				LD_RUNPATH_SEARCH_PATHS = (
					"$(inherited)",
					"@executable_path/Frameworks",
				);
				PRODUCT_BUNDLE_IDENTIFIER = jp.donovan.Sample1128;
				PRODUCT_NAME = "$(TARGET_NAME)";
				SWIFT_VERSION = 5.0;
				TARGETED_DEVICE_FAMILY = "1,2";
			};
			name = Debug;
		};
		82C9E793238F919B00EA0B6D /* Release */ = {
			isa = XCBuildConfiguration;
			baseConfigurationReference = BB4E332A33217BD640112B67 /* Pods-Sample1128.release.xcconfig */;
			buildSettings = {
				ASSETCATALOG_COMPILER_APPICON_NAME = AppIcon;
				CODE_SIGN_STYLE = Automatic;
				DEVELOPMENT_TEAM = CZ785DAQVX;
				INFOPLIST_FILE = Sample1128/Info.plist;
				LD_RUNPATH_SEARCH_PATHS = (
					"$(inherited)",
					"@executable_path/Frameworks",
				);
				PRODUCT_BUNDLE_IDENTIFIER = jp.donovan.Sample1128;
				PRODUCT_NAME = "$(TARGET_NAME)";
				SWIFT_VERSION = 5.0;
				TARGETED_DEVICE_FAMILY = "1,2";
			};
			name = Release;
		};
		82C9E795238F919B00EA0B6D /* Debug */ = {
			isa = XCBuildConfiguration;
			buildSettings = {
				ALWAYS_EMBED_SWIFT_STANDARD_LIBRARIES = YES;
				BUNDLE_LOADER = "$(TEST_HOST)";
				CODE_SIGN_STYLE = Automatic;
				INFOPLIST_FILE = Sample1128Tests/Info.plist;
				IPHONEOS_DEPLOYMENT_TARGET = 13.0;
				LD_RUNPATH_SEARCH_PATHS = (
					"$(inherited)",
					"@executable_path/Frameworks",
					"@loader_path/Frameworks",
				);
				PRODUCT_BUNDLE_IDENTIFIER = jp.donovan.Sample1128Tests;
				PRODUCT_NAME = "$(TARGET_NAME)";
				SWIFT_VERSION = 5.0;
				TARGETED_DEVICE_FAMILY = "1,2";
				TEST_HOST = "$(BUILT_PRODUCTS_DIR)/Sample1128.app/Sample1128";
			};
			name = Debug;
		};
		82C9E796238F919B00EA0B6D /* Release */ = {
			isa = XCBuildConfiguration;
			buildSettings = {
				ALWAYS_EMBED_SWIFT_STANDARD_LIBRARIES = YES;
				BUNDLE_LOADER = "$(TEST_HOST)";
				CODE_SIGN_STYLE = Automatic;
				INFOPLIST_FILE = Sample1128Tests/Info.plist;
				IPHONEOS_DEPLOYMENT_TARGET = 13.0;
				LD_RUNPATH_SEARCH_PATHS = (
					"$(inherited)",
					"@executable_path/Frameworks",
					"@loader_path/Frameworks",
				);
				PRODUCT_BUNDLE_IDENTIFIER = jp.donovan.Sample1128Tests;
				PRODUCT_NAME = "$(TARGET_NAME)";
				SWIFT_VERSION = 5.0;
				TARGETED_DEVICE_FAMILY = "1,2";
				TEST_HOST = "$(BUILT_PRODUCTS_DIR)/Sample1128.app/Sample1128";
			};
			name = Release;
		};
/* End XCBuildConfiguration section */

/* Begin XCConfigurationList section */
		82C9E76B238F919A00EA0B6D /* Build configuration list for PBXProject "Sample1128" */ = {
			isa = XCConfigurationList;
			buildConfigurations = (
				82C9E78F238F919B00EA0B6D /* Debug */,
				82C9E790238F919B00EA0B6D /* Release */,
			);
			defaultConfigurationIsVisible = 0;
			defaultConfigurationName = Release;
		};
		82C9E791238F919B00EA0B6D /* Build configuration list for PBXNativeTarget "Sample1128" */ = {
			isa = XCConfigurationList;
			buildConfigurations = (
				82C9E792238F919B00EA0B6D /* Debug */,
				82C9E793238F919B00EA0B6D /* Release */,
			);
			defaultConfigurationIsVisible = 0;
			defaultConfigurationName = Release;
		};
		82C9E794238F919B00EA0B6D /* Build configuration list for PBXNativeTarget "Sample1128Tests" */ = {
			isa = XCConfigurationList;
			buildConfigurations = (
				82C9E795238F919B00EA0B6D /* Debug */,
				82C9E796238F919B00EA0B6D /* Release */,
			);
			defaultConfigurationIsVisible = 0;
			defaultConfigurationName = Release;
		};
/* End XCConfigurationList section */
	};
	rootObject = 82C9E768238F919A00EA0B6D /* Project object */;
}
