// !$*UTF8*$!
{
	archiveVersion = 1;
	classes = {
	};
	objectVersion = 56;
	objects = {

/* Begin PBXBuildFile section */
		826005A92AEF56C2008D4A35 /* SampleApp.swift in Sources */ = {isa = PBXBuildFile; fileRef = 826005A82AEF56C2008D4A35 /* SampleApp.swift */; };
		826005AD2AEF56C3008D4A35 /* Assets.xcassets in Resources */ = {isa = PBXBuildFile; fileRef = 826005AC2AEF56C3008D4A35 /* Assets.xcassets */; };
		826005B02AEF56C3008D4A35 /* Preview Assets.xcassets in Resources */ = {isa = PBXBuildFile; fileRef = 826005AF2AEF56C3008D4A35 /* Preview Assets.xcassets */; };
		826005BA2AEF56C3008D4A35 /* SampleTests.swift in Sources */ = {isa = PBXBuildFile; fileRef = 826005B92AEF56C3008D4A35 /* SampleTests.swift */; };
		826005C42AEF56C3008D4A35 /* SampleUITests.swift in Sources */ = {isa = PBXBuildFile; fileRef = 826005C32AEF56C3008D4A35 /* SampleUITests.swift */; };
		826005C62AEF56C3008D4A35 /* SampleUITestsLaunchTests.swift in Sources */ = {isa = PBXBuildFile; fileRef = 826005C52AEF56C3008D4A35 /* SampleUITestsLaunchTests.swift */; };
		826005D62AEF5910008D4A35 /* MyLibrary in Frameworks */ = {isa = PBXBuildFile; productRef = 826005D52AEF5910008D4A35 /* MyLibrary */; };
		826005D82AEF6590008D4A35 /* SampleViewModel.swift in Sources */ = {isa = PBXBuildFile; fileRef = 826005D72AEF6590008D4A35 /* SampleViewModel.swift */; };
		826005DB2AEF689E008D4A35 /* RMModels in Frameworks */ = {isa = PBXBuildFile; productRef = 826005DA2AEF689E008D4A35 /* RMModels */; };
/* End PBXBuildFile section */

/* Begin PBXContainerItemProxy section */
		826005B62AEF56C3008D4A35 /* PBXContainerItemProxy */ = {
			isa = PBXContainerItemProxy;
			containerPortal = 8260059D2AEF56C2008D4A35 /* Project object */;
			proxyType = 1;
			remoteGlobalIDString = 826005A42AEF56C2008D4A35;
			remoteInfo = Sample;
		};
		826005C02AEF56C3008D4A35 /* PBXContainerItemProxy */ = {
			isa = PBXContainerItemProxy;
			containerPortal = 8260059D2AEF56C2008D4A35 /* Project object */;
			proxyType = 1;
			remoteGlobalIDString = 826005A42AEF56C2008D4A35;
			remoteInfo = Sample;
		};
/* End PBXContainerItemProxy section */

/* Begin PBXFileReference section */
		826005A52AEF56C2008D4A35 /* Sample.app */ = {isa = PBXFileReference; explicitFileType = wrapper.application; includeInIndex = 0; path = Sample.app; sourceTree = BUILT_PRODUCTS_DIR; };
		826005A82AEF56C2008D4A35 /* SampleApp.swift */ = {isa = PBXFileReference; lastKnownFileType = sourcecode.swift; path = SampleApp.swift; sourceTree = "<group>"; };
		826005AC2AEF56C3008D4A35 /* Assets.xcassets */ = {isa = PBXFileReference; lastKnownFileType = folder.assetcatalog; path = Assets.xcassets; sourceTree = "<group>"; };
		826005AF2AEF56C3008D4A35 /* Preview Assets.xcassets */ = {isa = PBXFileReference; lastKnownFileType = folder.assetcatalog; path = "Preview Assets.xcassets"; sourceTree = "<group>"; };
		826005B52AEF56C3008D4A35 /* SampleTests.xctest */ = {isa = PBXFileReference; explicitFileType = wrapper.cfbundle; includeInIndex = 0; path = SampleTests.xctest; sourceTree = BUILT_PRODUCTS_DIR; };
		826005B92AEF56C3008D4A35 /* SampleTests.swift */ = {isa = PBXFileReference; lastKnownFileType = sourcecode.swift; path = SampleTests.swift; sourceTree = "<group>"; };
		826005BF2AEF56C3008D4A35 /* SampleUITests.xctest */ = {isa = PBXFileReference; explicitFileType = wrapper.cfbundle; includeInIndex = 0; path = SampleUITests.xctest; sourceTree = BUILT_PRODUCTS_DIR; };
		826005C32AEF56C3008D4A35 /* SampleUITests.swift */ = {isa = PBXFileReference; lastKnownFileType = sourcecode.swift; path = SampleUITests.swift; sourceTree = "<group>"; };
		826005C52AEF56C3008D4A35 /* SampleUITestsLaunchTests.swift */ = {isa = PBXFileReference; lastKnownFileType = sourcecode.swift; path = SampleUITestsLaunchTests.swift; sourceTree = "<group>"; };
		826005D32AEF58FC008D4A35 /* MyLibrary */ = {isa = PBXFileReference; lastKnownFileType = wrapper; name = MyLibrary; path = ../MyLibrary; sourceTree = "<group>"; };
		826005D72AEF6590008D4A35 /* SampleViewModel.swift */ = {isa = PBXFileReference; lastKnownFileType = sourcecode.swift; path = SampleViewModel.swift; sourceTree = "<group>"; };
		826005D92AEF67ED008D4A35 /* RMModels */ = {isa = PBXFileReference; lastKnownFileType = wrapper; name = RMModels; path = ../RMModels; sourceTree = "<group>"; };
/* End PBXFileReference section */

/* Begin PBXFrameworksBuildPhase section */
		826005A22AEF56C2008D4A35 /* Frameworks */ = {
			isa = PBXFrameworksBuildPhase;
			buildActionMask = 2147483647;
			files = (
				826005D62AEF5910008D4A35 /* MyLibrary in Frameworks */,
				826005DB2AEF689E008D4A35 /* RMModels in Frameworks */,
			);
			runOnlyForDeploymentPostprocessing = 0;
		};
		826005B22AEF56C3008D4A35 /* Frameworks */ = {
			isa = PBXFrameworksBuildPhase;
			buildActionMask = 2147483647;
			files = (
			);
			runOnlyForDeploymentPostprocessing = 0;
		};
		826005BC2AEF56C3008D4A35 /* Frameworks */ = {
			isa = PBXFrameworksBuildPhase;
			buildActionMask = 2147483647;
			files = (
			);
			runOnlyForDeploymentPostprocessing = 0;
		};
/* End PBXFrameworksBuildPhase section */

/* Begin PBXGroup section */
		8260059C2AEF56C2008D4A35 = {
			isa = PBXGroup;
			children = (
				826005D92AEF67ED008D4A35 /* RMModels */,
				826005D32AEF58FC008D4A35 /* MyLibrary */,
				826005A72AEF56C2008D4A35 /* Sample */,
				826005B82AEF56C3008D4A35 /* SampleTests */,
				826005C22AEF56C3008D4A35 /* SampleUITests */,
				826005A62AEF56C2008D4A35 /* Products */,
				826005D42AEF5910008D4A35 /* Frameworks */,
			);
			sourceTree = "<group>";
		};
		826005A62AEF56C2008D4A35 /* Products */ = {
			isa = PBXGroup;
			children = (
				826005A52AEF56C2008D4A35 /* Sample.app */,
				826005B52AEF56C3008D4A35 /* SampleTests.xctest */,
				826005BF2AEF56C3008D4A35 /* SampleUITests.xctest */,
			);
			name = Products;
			sourceTree = "<group>";
		};
		826005A72AEF56C2008D4A35 /* Sample */ = {
			isa = PBXGroup;
			children = (
				826005A82AEF56C2008D4A35 /* SampleApp.swift */,
				826005D72AEF6590008D4A35 /* SampleViewModel.swift */,
				826005AC2AEF56C3008D4A35 /* Assets.xcassets */,
				826005AE2AEF56C3008D4A35 /* Preview Content */,
			);
			path = Sample;
			sourceTree = "<group>";
		};
		826005AE2AEF56C3008D4A35 /* Preview Content */ = {
			isa = PBXGroup;
			children = (
				826005AF2AEF56C3008D4A35 /* Preview Assets.xcassets */,
			);
			path = "Preview Content";
			sourceTree = "<group>";
		};
		826005B82AEF56C3008D4A35 /* SampleTests */ = {
			isa = PBXGroup;
			children = (
				826005B92AEF56C3008D4A35 /* SampleTests.swift */,
			);
			path = SampleTests;
			sourceTree = "<group>";
		};
		826005C22AEF56C3008D4A35 /* SampleUITests */ = {
			isa = PBXGroup;
			children = (
				826005C32AEF56C3008D4A35 /* SampleUITests.swift */,
				826005C52AEF56C3008D4A35 /* SampleUITestsLaunchTests.swift */,
			);
			path = SampleUITests;
			sourceTree = "<group>";
		};
		826005D42AEF5910008D4A35 /* Frameworks */ = {
			isa = PBXGroup;
			children = (
			);
			name = Frameworks;
			sourceTree = "<group>";
		};
/* End PBXGroup section */

/* Begin PBXNativeTarget section */
		826005A42AEF56C2008D4A35 /* Sample */ = {
			isa = PBXNativeTarget;
			buildConfigurationList = 826005C92AEF56C3008D4A35 /* Build configuration list for PBXNativeTarget "Sample" */;
			buildPhases = (
				826005A12AEF56C2008D4A35 /* Sources */,
				826005A22AEF56C2008D4A35 /* Frameworks */,
				826005A32AEF56C2008D4A35 /* Resources */,
			);
			buildRules = (
			);
			dependencies = (
			);
			name = Sample;
			packageProductDependencies = (
				826005D52AEF5910008D4A35 /* MyLibrary */,
				826005DA2AEF689E008D4A35 /* RMModels */,
			);
			productName = Sample;
			productReference = 826005A52AEF56C2008D4A35 /* Sample.app */;
			productType = "com.apple.product-type.application";
		};
		826005B42AEF56C3008D4A35 /* SampleTests */ = {
			isa = PBXNativeTarget;
			buildConfigurationList = 826005CC2AEF56C3008D4A35 /* Build configuration list for PBXNativeTarget "SampleTests" */;
			buildPhases = (
				826005B12AEF56C3008D4A35 /* Sources */,
				826005B22AEF56C3008D4A35 /* Frameworks */,
				826005B32AEF56C3008D4A35 /* Resources */,
			);
			buildRules = (
			);
			dependencies = (
				826005B72AEF56C3008D4A35 /* PBXTargetDependency */,
			);
			name = SampleTests;
			productName = SampleTests;
			productReference = 826005B52AEF56C3008D4A35 /* SampleTests.xctest */;
			productType = "com.apple.product-type.bundle.unit-test";
		};
		826005BE2AEF56C3008D4A35 /* SampleUITests */ = {
			isa = PBXNativeTarget;
			buildConfigurationList = 826005CF2AEF56C3008D4A35 /* Build configuration list for PBXNativeTarget "SampleUITests" */;
			buildPhases = (
				826005BB2AEF56C3008D4A35 /* Sources */,
				826005BC2AEF56C3008D4A35 /* Frameworks */,
				826005BD2AEF56C3008D4A35 /* Resources */,
			);
			buildRules = (
			);
			dependencies = (
				826005C12AEF56C3008D4A35 /* PBXTargetDependency */,
			);
			name = SampleUITests;
			productName = SampleUITests;
			productReference = 826005BF2AEF56C3008D4A35 /* SampleUITests.xctest */;
			productType = "com.apple.product-type.bundle.ui-testing";
		};
/* End PBXNativeTarget section */

/* Begin PBXProject section */
		8260059D2AEF56C2008D4A35 /* Project object */ = {
			isa = PBXProject;
			attributes = {
				BuildIndependentTargetsInParallel = 1;
				LastSwiftUpdateCheck = 1500;
				LastUpgradeCheck = 1500;
				TargetAttributes = {
					826005A42AEF56C2008D4A35 = {
						CreatedOnToolsVersion = 15.0;
					};
					826005B42AEF56C3008D4A35 = {
						CreatedOnToolsVersion = 15.0;
						TestTargetID = 826005A42AEF56C2008D4A35;
					};
					826005BE2AEF56C3008D4A35 = {
						CreatedOnToolsVersion = 15.0;
						TestTargetID = 826005A42AEF56C2008D4A35;
					};
				};
			};
			buildConfigurationList = 826005A02AEF56C2008D4A35 /* Build configuration list for PBXProject "Sample" */;
			compatibilityVersion = "Xcode 14.0";
			developmentRegion = en;
			hasScannedForEncodings = 0;
			knownRegions = (
				en,
				Base,
			);
			mainGroup = 8260059C2AEF56C2008D4A35;
			productRefGroup = 826005A62AEF56C2008D4A35 /* Products */;
			projectDirPath = "";
			projectRoot = "";
			targets = (
				826005A42AEF56C2008D4A35 /* Sample */,
				826005B42AEF56C3008D4A35 /* SampleTests */,
				826005BE2AEF56C3008D4A35 /* SampleUITests */,
			);
		};
/* End PBXProject section */

/* Begin PBXResourcesBuildPhase section */
		826005A32AEF56C2008D4A35 /* Resources */ = {
			isa = PBXResourcesBuildPhase;
			buildActionMask = 2147483647;
			files = (
				826005B02AEF56C3008D4A35 /* Preview Assets.xcassets in Resources */,
				826005AD2AEF56C3008D4A35 /* Assets.xcassets in Resources */,
			);
			runOnlyForDeploymentPostprocessing = 0;
		};
		826005B32AEF56C3008D4A35 /* Resources */ = {
			isa = PBXResourcesBuildPhase;
			buildActionMask = 2147483647;
			files = (
			);
			runOnlyForDeploymentPostprocessing = 0;
		};
		826005BD2AEF56C3008D4A35 /* Resources */ = {
			isa = PBXResourcesBuildPhase;
			buildActionMask = 2147483647;
			files = (
			);
			runOnlyForDeploymentPostprocessing = 0;
		};
/* End PBXResourcesBuildPhase section */

/* Begin PBXSourcesBuildPhase section */
		826005A12AEF56C2008D4A35 /* Sources */ = {
			isa = PBXSourcesBuildPhase;
			buildActionMask = 2147483647;
			files = (
				826005D82AEF6590008D4A35 /* SampleViewModel.swift in Sources */,
				826005A92AEF56C2008D4A35 /* SampleApp.swift in Sources */,
			);
			runOnlyForDeploymentPostprocessing = 0;
		};
		826005B12AEF56C3008D4A35 /* Sources */ = {
			isa = PBXSourcesBuildPhase;
			buildActionMask = 2147483647;
			files = (
				826005BA2AEF56C3008D4A35 /* SampleTests.swift in Sources */,
			);
			runOnlyForDeploymentPostprocessing = 0;
		};
		826005BB2AEF56C3008D4A35 /* Sources */ = {
			isa = PBXSourcesBuildPhase;
			buildActionMask = 2147483647;
			files = (
				826005C62AEF56C3008D4A35 /* SampleUITestsLaunchTests.swift in Sources */,
				826005C42AEF56C3008D4A35 /* SampleUITests.swift in Sources */,
			);
			runOnlyForDeploymentPostprocessing = 0;
		};
/* End PBXSourcesBuildPhase section */

/* Begin PBXTargetDependency section */
		826005B72AEF56C3008D4A35 /* PBXTargetDependency */ = {
			isa = PBXTargetDependency;
			target = 826005A42AEF56C2008D4A35 /* Sample */;
			targetProxy = 826005B62AEF56C3008D4A35 /* PBXContainerItemProxy */;
		};
		826005C12AEF56C3008D4A35 /* PBXTargetDependency */ = {
			isa = PBXTargetDependency;
			target = 826005A42AEF56C2008D4A35 /* Sample */;
			targetProxy = 826005C02AEF56C3008D4A35 /* PBXContainerItemProxy */;
		};
/* End PBXTargetDependency section */

/* Begin XCBuildConfiguration section */
		826005C72AEF56C3008D4A35 /* Debug */ = {
			isa = XCBuildConfiguration;
			buildSettings = {
				ALWAYS_SEARCH_USER_PATHS = NO;
				ASSETCATALOG_COMPILER_GENERATE_SWIFT_ASSET_SYMBOL_EXTENSIONS = YES;
				CLANG_ANALYZER_NONNULL = YES;
				CLANG_ANALYZER_NUMBER_OBJECT_CONVERSION = YES_AGGRESSIVE;
				CLANG_CXX_LANGUAGE_STANDARD = "gnu++20";
				CLANG_ENABLE_MODULES = YES;
				CLANG_ENABLE_OBJC_ARC = YES;
				CLANG_ENABLE_OBJC_WEAK = YES;
				CLANG_WARN_BLOCK_CAPTURE_AUTORELEASING = YES;
				CLANG_WARN_BOOL_CONVERSION = YES;
				CLANG_WARN_COMMA = YES;
				CLANG_WARN_CONSTANT_CONVERSION = YES;
				CLANG_WARN_DEPRECATED_OBJC_IMPLEMENTATIONS = YES;
				CLANG_WARN_DIRECT_OBJC_ISA_USAGE = YES_ERROR;
				CLANG_WARN_DOCUMENTATION_COMMENTS = YES;
				CLANG_WARN_EMPTY_BODY = YES;
				CLANG_WARN_ENUM_CONVERSION = YES;
				CLANG_WARN_INFINITE_RECURSION = YES;
				CLANG_WARN_INT_CONVERSION = YES;
				CLANG_WARN_NON_LITERAL_NULL_CONVERSION = YES;
				CLANG_WARN_OBJC_IMPLICIT_RETAIN_SELF = YES;
				CLANG_WARN_OBJC_LITERAL_CONVERSION = YES;
				CLANG_WARN_OBJC_ROOT_CLASS = YES_ERROR;
				CLANG_WARN_QUOTED_INCLUDE_IN_FRAMEWORK_HEADER = YES;
				CLANG_WARN_RANGE_LOOP_ANALYSIS = YES;
				CLANG_WARN_STRICT_PROTOTYPES = YES;
				CLANG_WARN_SUSPICIOUS_MOVE = YES;
				CLANG_WARN_UNGUARDED_AVAILABILITY = YES_AGGRESSIVE;
				CLANG_WARN_UNREACHABLE_CODE = YES;
				CLANG_WARN__DUPLICATE_METHOD_MATCH = YES;
				COPY_PHASE_STRIP = NO;
				DEBUG_INFORMATION_FORMAT = dwarf;
				ENABLE_STRICT_OBJC_MSGSEND = YES;
				ENABLE_TESTABILITY = YES;
				ENABLE_USER_SCRIPT_SANDBOXING = YES;
				GCC_C_LANGUAGE_STANDARD = gnu17;
				GCC_DYNAMIC_NO_PIC = NO;
				GCC_NO_COMMON_BLOCKS = YES;
				GCC_OPTIMIZATION_LEVEL = 0;
				GCC_PREPROCESSOR_DEFINITIONS = (
					"DEBUG=1",
					"$(inherited)",
				);
				GCC_WARN_64_TO_32_BIT_CONVERSION = YES;
				GCC_WARN_ABOUT_RETURN_TYPE = YES_ERROR;
				GCC_WARN_UNDECLARED_SELECTOR = YES;
				GCC_WARN_UNINITIALIZED_AUTOS = YES_AGGRESSIVE;
				GCC_WARN_UNUSED_FUNCTION = YES;
				GCC_WARN_UNUSED_VARIABLE = YES;
				IPHONEOS_DEPLOYMENT_TARGET = 17.0;
				LOCALIZATION_PREFERS_STRING_CATALOGS = YES;
				MTL_ENABLE_DEBUG_INFO = INCLUDE_SOURCE;
				MTL_FAST_MATH = YES;
				ONLY_ACTIVE_ARCH = YES;
				SDKROOT = iphoneos;
				SWIFT_ACTIVE_COMPILATION_CONDITIONS = "DEBUG $(inherited)";
				SWIFT_OPTIMIZATION_LEVEL = "-Onone";
			};
			name = Debug;
		};
		826005C82AEF56C3008D4A35 /* Release */ = {
			isa = XCBuildConfiguration;
			buildSettings = {
				ALWAYS_SEARCH_USER_PATHS = NO;
				ASSETCATALOG_COMPILER_GENERATE_SWIFT_ASSET_SYMBOL_EXTENSIONS = YES;
				CLANG_ANALYZER_NONNULL = YES;
				CLANG_ANALYZER_NUMBER_OBJECT_CONVERSION = YES_AGGRESSIVE;
				CLANG_CXX_LANGUAGE_STANDARD = "gnu++20";
				CLANG_ENABLE_MODULES = YES;
				CLANG_ENABLE_OBJC_ARC = YES;
				CLANG_ENABLE_OBJC_WEAK = YES;
				CLANG_WARN_BLOCK_CAPTURE_AUTORELEASING = YES;
				CLANG_WARN_BOOL_CONVERSION = YES;
				CLANG_WARN_COMMA = YES;
				CLANG_WARN_CONSTANT_CONVERSION = YES;
				CLANG_WARN_DEPRECATED_OBJC_IMPLEMENTATIONS = YES;
				CLANG_WARN_DIRECT_OBJC_ISA_USAGE = YES_ERROR;
				CLANG_WARN_DOCUMENTATION_COMMENTS = YES;
				CLANG_WARN_EMPTY_BODY = YES;
				CLANG_WARN_ENUM_CONVERSION = YES;
				CLANG_WARN_INFINITE_RECURSION = YES;
				CLANG_WARN_INT_CONVERSION = YES;
				CLANG_WARN_NON_LITERAL_NULL_CONVERSION = YES;
				CLANG_WARN_OBJC_IMPLICIT_RETAIN_SELF = YES;
				CLANG_WARN_OBJC_LITERAL_CONVERSION = YES;
				CLANG_WARN_OBJC_ROOT_CLASS = YES_ERROR;
				CLANG_WARN_QUOTED_INCLUDE_IN_FRAMEWORK_HEADER = YES;
				CLANG_WARN_RANGE_LOOP_ANALYSIS = YES;
				CLANG_WARN_STRICT_PROTOTYPES = YES;
				CLANG_WARN_SUSPICIOUS_MOVE = YES;
				CLANG_WARN_UNGUARDED_AVAILABILITY = YES_AGGRESSIVE;
				CLANG_WARN_UNREACHABLE_CODE = YES;
				CLANG_WARN__DUPLICATE_METHOD_MATCH = YES;
				COPY_PHASE_STRIP = NO;
				DEBUG_INFORMATION_FORMAT = "dwarf-with-dsym";
				ENABLE_NS_ASSERTIONS = NO;
				ENABLE_STRICT_OBJC_MSGSEND = YES;
				ENABLE_USER_SCRIPT_SANDBOXING = YES;
				GCC_C_LANGUAGE_STANDARD = gnu17;
				GCC_NO_COMMON_BLOCKS = YES;
				GCC_WARN_64_TO_32_BIT_CONVERSION = YES;
				GCC_WARN_ABOUT_RETURN_TYPE = YES_ERROR;
				GCC_WARN_UNDECLARED_SELECTOR = YES;
				GCC_WARN_UNINITIALIZED_AUTOS = YES_AGGRESSIVE;
				GCC_WARN_UNUSED_FUNCTION = YES;
				GCC_WARN_UNUSED_VARIABLE = YES;
				IPHONEOS_DEPLOYMENT_TARGET = 17.0;
				LOCALIZATION_PREFERS_STRING_CATALOGS = YES;
				MTL_ENABLE_DEBUG_INFO = NO;
				MTL_FAST_MATH = YES;
				SDKROOT = iphoneos;
				SWIFT_COMPILATION_MODE = wholemodule;
				VALIDATE_PRODUCT = YES;
			};
			name = Release;
		};
		826005CA2AEF56C3008D4A35 /* Debug */ = {
			isa = XCBuildConfiguration;
			buildSettings = {
				ASSETCATALOG_COMPILER_APPICON_NAME = AppIcon;
				ASSETCATALOG_COMPILER_GLOBAL_ACCENT_COLOR_NAME = AccentColor;
				CODE_SIGN_STYLE = Automatic;
				CURRENT_PROJECT_VERSION = 1;
				DEVELOPMENT_ASSET_PATHS = "\"Sample/Preview Content\"";
				DEVELOPMENT_TEAM = CZ785DAQVX;
				ENABLE_PREVIEWS = YES;
				GENERATE_INFOPLIST_FILE = YES;
				INFOPLIST_KEY_UIApplicationSceneManifest_Generation = YES;
				INFOPLIST_KEY_UIApplicationSupportsIndirectInputEvents = YES;
				INFOPLIST_KEY_UILaunchScreen_Generation = YES;
				INFOPLIST_KEY_UISupportedInterfaceOrientations_iPad = "UIInterfaceOrientationPortrait UIInterfaceOrientationPortraitUpsideDown UIInterfaceOrientationLandscapeLeft UIInterfaceOrientationLandscapeRight";
				INFOPLIST_KEY_UISupportedInterfaceOrientations_iPhone = "UIInterfaceOrientationPortrait UIInterfaceOrientationLandscapeLeft UIInterfaceOrientationLandscapeRight";
				LD_RUNPATH_SEARCH_PATHS = (
					"$(inherited)",
					"@executable_path/Frameworks",
				);
				MARKETING_VERSION = 1.0;
				PRODUCT_BUNDLE_IDENTIFIER = temp.co.jp.Sample;
				PRODUCT_NAME = "$(TARGET_NAME)";
				SWIFT_EMIT_LOC_STRINGS = YES;
				SWIFT_VERSION = 5.0;
				TARGETED_DEVICE_FAMILY = "1,2";
			};
			name = Debug;
		};
		826005CB2AEF56C3008D4A35 /* Release */ = {
			isa = XCBuildConfiguration;
			buildSettings = {
				ASSETCATALOG_COMPILER_APPICON_NAME = AppIcon;
				ASSETCATALOG_COMPILER_GLOBAL_ACCENT_COLOR_NAME = AccentColor;
				CODE_SIGN_STYLE = Automatic;
				CURRENT_PROJECT_VERSION = 1;
				DEVELOPMENT_ASSET_PATHS = "\"Sample/Preview Content\"";
				DEVELOPMENT_TEAM = CZ785DAQVX;
				ENABLE_PREVIEWS = YES;
				GENERATE_INFOPLIST_FILE = YES;
				INFOPLIST_KEY_UIApplicationSceneManifest_Generation = YES;
				INFOPLIST_KEY_UIApplicationSupportsIndirectInputEvents = YES;
				INFOPLIST_KEY_UILaunchScreen_Generation = YES;
				INFOPLIST_KEY_UISupportedInterfaceOrientations_iPad = "UIInterfaceOrientationPortrait UIInterfaceOrientationPortraitUpsideDown UIInterfaceOrientationLandscapeLeft UIInterfaceOrientationLandscapeRight";
				INFOPLIST_KEY_UISupportedInterfaceOrientations_iPhone = "UIInterfaceOrientationPortrait UIInterfaceOrientationLandscapeLeft UIInterfaceOrientationLandscapeRight";
				LD_RUNPATH_SEARCH_PATHS = (
					"$(inherited)",
					"@executable_path/Frameworks",
				);
				MARKETING_VERSION = 1.0;
				PRODUCT_BUNDLE_IDENTIFIER = temp.co.jp.Sample;
				PRODUCT_NAME = "$(TARGET_NAME)";
				SWIFT_EMIT_LOC_STRINGS = YES;
				SWIFT_VERSION = 5.0;
				TARGETED_DEVICE_FAMILY = "1,2";
			};
			name = Release;
		};
		826005CD2AEF56C3008D4A35 /* Debug */ = {
			isa = XCBuildConfiguration;
			buildSettings = {
				ALWAYS_EMBED_SWIFT_STANDARD_LIBRARIES = YES;
				BUNDLE_LOADER = "$(TEST_HOST)";
				CODE_SIGN_STYLE = Automatic;
				CURRENT_PROJECT_VERSION = 1;
				DEVELOPMENT_TEAM = CZ785DAQVX;
				GENERATE_INFOPLIST_FILE = YES;
				IPHONEOS_DEPLOYMENT_TARGET = 17.0;
				MARKETING_VERSION = 1.0;
				PRODUCT_BUNDLE_IDENTIFIER = temp.co.jp.SampleTests;
				PRODUCT_NAME = "$(TARGET_NAME)";
				SWIFT_EMIT_LOC_STRINGS = NO;
				SWIFT_VERSION = 5.0;
				TARGETED_DEVICE_FAMILY = "1,2";
				TEST_HOST = "$(BUILT_PRODUCTS_DIR)/Sample.app/$(BUNDLE_EXECUTABLE_FOLDER_PATH)/Sample";
			};
			name = Debug;
		};
		826005CE2AEF56C3008D4A35 /* Release */ = {
			isa = XCBuildConfiguration;
			buildSettings = {
				ALWAYS_EMBED_SWIFT_STANDARD_LIBRARIES = YES;
				BUNDLE_LOADER = "$(TEST_HOST)";
				CODE_SIGN_STYLE = Automatic;
				CURRENT_PROJECT_VERSION = 1;
				DEVELOPMENT_TEAM = CZ785DAQVX;
				GENERATE_INFOPLIST_FILE = YES;
				IPHONEOS_DEPLOYMENT_TARGET = 17.0;
				MARKETING_VERSION = 1.0;
				PRODUCT_BUNDLE_IDENTIFIER = temp.co.jp.SampleTests;
				PRODUCT_NAME = "$(TARGET_NAME)";
				SWIFT_EMIT_LOC_STRINGS = NO;
				SWIFT_VERSION = 5.0;
				TARGETED_DEVICE_FAMILY = "1,2";
				TEST_HOST = "$(BUILT_PRODUCTS_DIR)/Sample.app/$(BUNDLE_EXECUTABLE_FOLDER_PATH)/Sample";
			};
			name = Release;
		};
		826005D02AEF56C3008D4A35 /* Debug */ = {
			isa = XCBuildConfiguration;
			buildSettings = {
				ALWAYS_EMBED_SWIFT_STANDARD_LIBRARIES = YES;
				CODE_SIGN_STYLE = Automatic;
				CURRENT_PROJECT_VERSION = 1;
				DEVELOPMENT_TEAM = CZ785DAQVX;
				GENERATE_INFOPLIST_FILE = YES;
				MARKETING_VERSION = 1.0;
				PRODUCT_BUNDLE_IDENTIFIER = temp.co.jp.SampleUITests;
				PRODUCT_NAME = "$(TARGET_NAME)";
				SWIFT_EMIT_LOC_STRINGS = NO;
				SWIFT_VERSION = 5.0;
				TARGETED_DEVICE_FAMILY = "1,2";
				TEST_TARGET_NAME = Sample;
			};
			name = Debug;
		};
		826005D12AEF56C3008D4A35 /* Release */ = {
			isa = XCBuildConfiguration;
			buildSettings = {
				ALWAYS_EMBED_SWIFT_STANDARD_LIBRARIES = YES;
				CODE_SIGN_STYLE = Automatic;
				CURRENT_PROJECT_VERSION = 1;
				DEVELOPMENT_TEAM = CZ785DAQVX;
				GENERATE_INFOPLIST_FILE = YES;
				MARKETING_VERSION = 1.0;
				PRODUCT_BUNDLE_IDENTIFIER = temp.co.jp.SampleUITests;
				PRODUCT_NAME = "$(TARGET_NAME)";
				SWIFT_EMIT_LOC_STRINGS = NO;
				SWIFT_VERSION = 5.0;
				TARGETED_DEVICE_FAMILY = "1,2";
				TEST_TARGET_NAME = Sample;
			};
			name = Release;
		};
/* End XCBuildConfiguration section */

/* Begin XCConfigurationList section */
		826005A02AEF56C2008D4A35 /* Build configuration list for PBXProject "Sample" */ = {
			isa = XCConfigurationList;
			buildConfigurations = (
				826005C72AEF56C3008D4A35 /* Debug */,
				826005C82AEF56C3008D4A35 /* Release */,
			);
			defaultConfigurationIsVisible = 0;
			defaultConfigurationName = Release;
		};
		826005C92AEF56C3008D4A35 /* Build configuration list for PBXNativeTarget "Sample" */ = {
			isa = XCConfigurationList;
			buildConfigurations = (
				826005CA2AEF56C3008D4A35 /* Debug */,
				826005CB2AEF56C3008D4A35 /* Release */,
			);
			defaultConfigurationIsVisible = 0;
			defaultConfigurationName = Release;
		};
		826005CC2AEF56C3008D4A35 /* Build configuration list for PBXNativeTarget "SampleTests" */ = {
			isa = XCConfigurationList;
			buildConfigurations = (
				826005CD2AEF56C3008D4A35 /* Debug */,
				826005CE2AEF56C3008D4A35 /* Release */,
			);
			defaultConfigurationIsVisible = 0;
			defaultConfigurationName = Release;
		};
		826005CF2AEF56C3008D4A35 /* Build configuration list for PBXNativeTarget "SampleUITests" */ = {
			isa = XCConfigurationList;
			buildConfigurations = (
				826005D02AEF56C3008D4A35 /* Debug */,
				826005D12AEF56C3008D4A35 /* Release */,
			);
			defaultConfigurationIsVisible = 0;
			defaultConfigurationName = Release;
		};
/* End XCConfigurationList section */

/* Begin XCSwiftPackageProductDependency section */
		826005D52AEF5910008D4A35 /* MyLibrary */ = {
			isa = XCSwiftPackageProductDependency;
			productName = MyLibrary;
		};
		826005DA2AEF689E008D4A35 /* RMModels */ = {
			isa = XCSwiftPackageProductDependency;
			productName = RMModels;
		};
/* End XCSwiftPackageProductDependency section */
	};
	rootObject = 8260059D2AEF56C2008D4A35 /* Project object */;
}
