// !$*UTF8*$!
{
	archiveVersion = 1;
	classes = {
	};
	objectVersion = 56;
	objects = {

/* Begin PBXBuildFile section */
		821D64B72B396A0F00F29BC6 /* CleanArchitectureSampleApp.swift in Sources */ = {isa = PBXBuildFile; fileRef = 821D64B62B396A0F00F29BC6 /* CleanArchitectureSampleApp.swift */; };
		821D64BB2B396A1100F29BC6 /* Assets.xcassets in Resources */ = {isa = PBXBuildFile; fileRef = 821D64BA2B396A1100F29BC6 /* Assets.xcassets */; };
		821D64BF2B396A1100F29BC6 /* Preview Assets.xcassets in Resources */ = {isa = PBXBuildFile; fileRef = 821D64BE2B396A1100F29BC6 /* Preview Assets.xcassets */; };
		821D64C92B396A1100F29BC6 /* CleanArchitectureSampleTests.swift in Sources */ = {isa = PBXBuildFile; fileRef = 821D64C82B396A1100F29BC6 /* CleanArchitectureSampleTests.swift */; };
		821D64D32B396A1100F29BC6 /* CleanArchitectureSampleUITests.swift in Sources */ = {isa = PBXBuildFile; fileRef = 821D64D22B396A1100F29BC6 /* CleanArchitectureSampleUITests.swift */; };
		821D64D52B396A1100F29BC6 /* CleanArchitectureSampleUITestsLaunchTests.swift in Sources */ = {isa = PBXBuildFile; fileRef = 821D64D42B396A1100F29BC6 /* CleanArchitectureSampleUITestsLaunchTests.swift */; };
		82217CD52B4CCF5400693450 /* ClubViewModel.swift in Sources */ = {isa = PBXBuildFile; fileRef = 82217CD42B4CCF5400693450 /* ClubViewModel.swift */; };
		826E6B7E2B61E63A00547C5C /* RMStore.swift in Sources */ = {isa = PBXBuildFile; fileRef = 826E6B7D2B61E63A00547C5C /* RMStore.swift */; };
		826E6B802B61E7C900547C5C /* ClubResponse.swift in Sources */ = {isa = PBXBuildFile; fileRef = 826E6B7F2B61E7C900547C5C /* ClubResponse.swift */; };
		82E9DF942B3A5A9500838D3B /* DomainException.swift in Sources */ = {isa = PBXBuildFile; fileRef = 82E9DF932B3A5A9500838D3B /* DomainException.swift */; };
		82E9DF9A2B3A6B7000838D3B /* ClubUseCase.swift in Sources */ = {isa = PBXBuildFile; fileRef = 82E9DF992B3A6B7000838D3B /* ClubUseCase.swift */; };
		82E9DF9E2B3A6BDA00838D3B /* Club.swift in Sources */ = {isa = PBXBuildFile; fileRef = 82E9DF9D2B3A6BDA00838D3B /* Club.swift */; };
		82E9DFA12B3A6C2500838D3B /* Student.swift in Sources */ = {isa = PBXBuildFile; fileRef = 82E9DFA02B3A6C2500838D3B /* Student.swift */; };
		82E9DFA32B3A6C5700838D3B /* StudentId.swift in Sources */ = {isa = PBXBuildFile; fileRef = 82E9DFA22B3A6C5700838D3B /* StudentId.swift */; };
		82E9DFA52B3A6C8300838D3B /* StudentRepository.swift in Sources */ = {isa = PBXBuildFile; fileRef = 82E9DFA42B3A6C8300838D3B /* StudentRepository.swift */; };
		82E9DFA92B3A6D0E00838D3B /* ClubId.swift in Sources */ = {isa = PBXBuildFile; fileRef = 82E9DFA82B3A6D0E00838D3B /* ClubId.swift */; };
		82E9DFAB2B3A6D3100838D3B /* ClubRepository.swift in Sources */ = {isa = PBXBuildFile; fileRef = 82E9DFAA2B3A6D3100838D3B /* ClubRepository.swift */; };
		82E9DFAD2B3A6DC700838D3B /* ClubStatus.swift in Sources */ = {isa = PBXBuildFile; fileRef = 82E9DFAC2B3A6DC700838D3B /* ClubStatus.swift */; };
		82E9DFAF2B3A72F100838D3B /* ClubRepositoryImpl.swift in Sources */ = {isa = PBXBuildFile; fileRef = 82E9DFAE2B3A72F100838D3B /* ClubRepositoryImpl.swift */; };
		82E9DFB12B3A73FD00838D3B /* UseCaseException.swift in Sources */ = {isa = PBXBuildFile; fileRef = 82E9DFB02B3A73FD00838D3B /* UseCaseException.swift */; };
		82E9DFB42B3A82DA00838D3B /* ClubListView.swift in Sources */ = {isa = PBXBuildFile; fileRef = 82E9DFB32B3A82DA00838D3B /* ClubListView.swift */; };
		82E9DFB62B3A840C00838D3B /* ClubViewPresenter.swift in Sources */ = {isa = PBXBuildFile; fileRef = 82E9DFB52B3A840C00838D3B /* ClubViewPresenter.swift */; };
/* End PBXBuildFile section */

/* Begin PBXContainerItemProxy section */
		821D64C52B396A1100F29BC6 /* PBXContainerItemProxy */ = {
			isa = PBXContainerItemProxy;
			containerPortal = 821D64AB2B396A0F00F29BC6 /* Project object */;
			proxyType = 1;
			remoteGlobalIDString = 821D64B22B396A0F00F29BC6;
			remoteInfo = CleanArchitectureSample;
		};
		821D64CF2B396A1100F29BC6 /* PBXContainerItemProxy */ = {
			isa = PBXContainerItemProxy;
			containerPortal = 821D64AB2B396A0F00F29BC6 /* Project object */;
			proxyType = 1;
			remoteGlobalIDString = 821D64B22B396A0F00F29BC6;
			remoteInfo = CleanArchitectureSample;
		};
/* End PBXContainerItemProxy section */

/* Begin PBXFileReference section */
		821D64B32B396A0F00F29BC6 /* CleanArchitectureSample.app */ = {isa = PBXFileReference; explicitFileType = wrapper.application; includeInIndex = 0; path = CleanArchitectureSample.app; sourceTree = BUILT_PRODUCTS_DIR; };
		821D64B62B396A0F00F29BC6 /* CleanArchitectureSampleApp.swift */ = {isa = PBXFileReference; lastKnownFileType = sourcecode.swift; path = CleanArchitectureSampleApp.swift; sourceTree = "<group>"; };
		821D64BA2B396A1100F29BC6 /* Assets.xcassets */ = {isa = PBXFileReference; lastKnownFileType = folder.assetcatalog; path = Assets.xcassets; sourceTree = "<group>"; };
		821D64BC2B396A1100F29BC6 /* CleanArchitectureSample.entitlements */ = {isa = PBXFileReference; lastKnownFileType = text.plist.entitlements; path = CleanArchitectureSample.entitlements; sourceTree = "<group>"; };
		821D64BE2B396A1100F29BC6 /* Preview Assets.xcassets */ = {isa = PBXFileReference; lastKnownFileType = folder.assetcatalog; path = "Preview Assets.xcassets"; sourceTree = "<group>"; };
		821D64C42B396A1100F29BC6 /* CleanArchitectureSampleTests.xctest */ = {isa = PBXFileReference; explicitFileType = wrapper.cfbundle; includeInIndex = 0; path = CleanArchitectureSampleTests.xctest; sourceTree = BUILT_PRODUCTS_DIR; };
		821D64C82B396A1100F29BC6 /* CleanArchitectureSampleTests.swift */ = {isa = PBXFileReference; lastKnownFileType = sourcecode.swift; path = CleanArchitectureSampleTests.swift; sourceTree = "<group>"; };
		821D64CE2B396A1100F29BC6 /* CleanArchitectureSampleUITests.xctest */ = {isa = PBXFileReference; explicitFileType = wrapper.cfbundle; includeInIndex = 0; path = CleanArchitectureSampleUITests.xctest; sourceTree = BUILT_PRODUCTS_DIR; };
		821D64D22B396A1100F29BC6 /* CleanArchitectureSampleUITests.swift */ = {isa = PBXFileReference; lastKnownFileType = sourcecode.swift; path = CleanArchitectureSampleUITests.swift; sourceTree = "<group>"; };
		821D64D42B396A1100F29BC6 /* CleanArchitectureSampleUITestsLaunchTests.swift */ = {isa = PBXFileReference; lastKnownFileType = sourcecode.swift; path = CleanArchitectureSampleUITestsLaunchTests.swift; sourceTree = "<group>"; };
		82217CD42B4CCF5400693450 /* ClubViewModel.swift */ = {isa = PBXFileReference; lastKnownFileType = sourcecode.swift; path = ClubViewModel.swift; sourceTree = "<group>"; };
		826E6B7D2B61E63A00547C5C /* RMStore.swift */ = {isa = PBXFileReference; lastKnownFileType = sourcecode.swift; path = RMStore.swift; sourceTree = "<group>"; };
		826E6B7F2B61E7C900547C5C /* ClubResponse.swift */ = {isa = PBXFileReference; lastKnownFileType = sourcecode.swift; path = ClubResponse.swift; sourceTree = "<group>"; };
		82E9DF932B3A5A9500838D3B /* DomainException.swift */ = {isa = PBXFileReference; lastKnownFileType = sourcecode.swift; path = DomainException.swift; sourceTree = "<group>"; };
		82E9DF992B3A6B7000838D3B /* ClubUseCase.swift */ = {isa = PBXFileReference; lastKnownFileType = sourcecode.swift; path = ClubUseCase.swift; sourceTree = "<group>"; };
		82E9DF9D2B3A6BDA00838D3B /* Club.swift */ = {isa = PBXFileReference; lastKnownFileType = sourcecode.swift; path = Club.swift; sourceTree = "<group>"; };
		82E9DFA02B3A6C2500838D3B /* Student.swift */ = {isa = PBXFileReference; lastKnownFileType = sourcecode.swift; path = Student.swift; sourceTree = "<group>"; };
		82E9DFA22B3A6C5700838D3B /* StudentId.swift */ = {isa = PBXFileReference; lastKnownFileType = sourcecode.swift; path = StudentId.swift; sourceTree = "<group>"; };
		82E9DFA42B3A6C8300838D3B /* StudentRepository.swift */ = {isa = PBXFileReference; lastKnownFileType = sourcecode.swift; path = StudentRepository.swift; sourceTree = "<group>"; };
		82E9DFA82B3A6D0E00838D3B /* ClubId.swift */ = {isa = PBXFileReference; lastKnownFileType = sourcecode.swift; path = ClubId.swift; sourceTree = "<group>"; };
		82E9DFAA2B3A6D3100838D3B /* ClubRepository.swift */ = {isa = PBXFileReference; lastKnownFileType = sourcecode.swift; path = ClubRepository.swift; sourceTree = "<group>"; };
		82E9DFAC2B3A6DC700838D3B /* ClubStatus.swift */ = {isa = PBXFileReference; lastKnownFileType = sourcecode.swift; path = ClubStatus.swift; sourceTree = "<group>"; };
		82E9DFAE2B3A72F100838D3B /* ClubRepositoryImpl.swift */ = {isa = PBXFileReference; lastKnownFileType = sourcecode.swift; path = ClubRepositoryImpl.swift; sourceTree = "<group>"; };
		82E9DFB02B3A73FD00838D3B /* UseCaseException.swift */ = {isa = PBXFileReference; lastKnownFileType = sourcecode.swift; path = UseCaseException.swift; sourceTree = "<group>"; };
		82E9DFB32B3A82DA00838D3B /* ClubListView.swift */ = {isa = PBXFileReference; lastKnownFileType = sourcecode.swift; path = ClubListView.swift; sourceTree = "<group>"; };
		82E9DFB52B3A840C00838D3B /* ClubViewPresenter.swift */ = {isa = PBXFileReference; lastKnownFileType = sourcecode.swift; path = ClubViewPresenter.swift; sourceTree = "<group>"; };
/* End PBXFileReference section */

/* Begin PBXFrameworksBuildPhase section */
		821D64B02B396A0F00F29BC6 /* Frameworks */ = {
			isa = PBXFrameworksBuildPhase;
			buildActionMask = 2147483647;
			files = (
			);
			runOnlyForDeploymentPostprocessing = 0;
		};
		821D64C12B396A1100F29BC6 /* Frameworks */ = {
			isa = PBXFrameworksBuildPhase;
			buildActionMask = 2147483647;
			files = (
			);
			runOnlyForDeploymentPostprocessing = 0;
		};
		821D64CB2B396A1100F29BC6 /* Frameworks */ = {
			isa = PBXFrameworksBuildPhase;
			buildActionMask = 2147483647;
			files = (
			);
			runOnlyForDeploymentPostprocessing = 0;
		};
/* End PBXFrameworksBuildPhase section */

/* Begin PBXGroup section */
		821D64AA2B396A0F00F29BC6 = {
			isa = PBXGroup;
			children = (
				821D64B52B396A0F00F29BC6 /* CleanArchitectureSample */,
				821D64C72B396A1100F29BC6 /* CleanArchitectureSampleTests */,
				821D64D12B396A1100F29BC6 /* CleanArchitectureSampleUITests */,
				821D64B42B396A0F00F29BC6 /* Products */,
			);
			sourceTree = "<group>";
		};
		821D64B42B396A0F00F29BC6 /* Products */ = {
			isa = PBXGroup;
			children = (
				821D64B32B396A0F00F29BC6 /* CleanArchitectureSample.app */,
				821D64C42B396A1100F29BC6 /* CleanArchitectureSampleTests.xctest */,
				821D64CE2B396A1100F29BC6 /* CleanArchitectureSampleUITests.xctest */,
			);
			name = Products;
			sourceTree = "<group>";
		};
		821D64B52B396A0F00F29BC6 /* CleanArchitectureSample */ = {
			isa = PBXGroup;
			children = (
				821D64B62B396A0F00F29BC6 /* CleanArchitectureSampleApp.swift */,
				82E9DFB22B3A82BD00838D3B /* presentation */,
				82E9DF9B2B3A6BB200838D3B /* domain */,
				82E9DF952B3A5B1D00838D3B /* data */,
				82E9DF922B3A5A7100838D3B /* shared */,
				821D64BA2B396A1100F29BC6 /* Assets.xcassets */,
				821D64BC2B396A1100F29BC6 /* CleanArchitectureSample.entitlements */,
				821D64BD2B396A1100F29BC6 /* Preview Content */,
			);
			path = CleanArchitectureSample;
			sourceTree = "<group>";
		};
		821D64BD2B396A1100F29BC6 /* Preview Content */ = {
			isa = PBXGroup;
			children = (
				821D64BE2B396A1100F29BC6 /* Preview Assets.xcassets */,
			);
			path = "Preview Content";
			sourceTree = "<group>";
		};
		821D64C72B396A1100F29BC6 /* CleanArchitectureSampleTests */ = {
			isa = PBXGroup;
			children = (
				821D64C82B396A1100F29BC6 /* CleanArchitectureSampleTests.swift */,
			);
			path = CleanArchitectureSampleTests;
			sourceTree = "<group>";
		};
		821D64D12B396A1100F29BC6 /* CleanArchitectureSampleUITests */ = {
			isa = PBXGroup;
			children = (
				821D64D22B396A1100F29BC6 /* CleanArchitectureSampleUITests.swift */,
				821D64D42B396A1100F29BC6 /* CleanArchitectureSampleUITestsLaunchTests.swift */,
			);
			path = CleanArchitectureSampleUITests;
			sourceTree = "<group>";
		};
		82E9DF862B3A578100838D3B /* usecase */ = {
			isa = PBXGroup;
			children = (
				82E9DF992B3A6B7000838D3B /* ClubUseCase.swift */,
				82E9DFB02B3A73FD00838D3B /* UseCaseException.swift */,
			);
			path = usecase;
			sourceTree = "<group>";
		};
		82E9DF922B3A5A7100838D3B /* shared */ = {
			isa = PBXGroup;
			children = (
				82E9DF932B3A5A9500838D3B /* DomainException.swift */,
			);
			path = shared;
			sourceTree = "<group>";
		};
		82E9DF952B3A5B1D00838D3B /* data */ = {
			isa = PBXGroup;
			children = (
				82E9DF962B3A5B2800838D3B /* club */,
				826E6B7D2B61E63A00547C5C /* RMStore.swift */,
			);
			path = data;
			sourceTree = "<group>";
		};
		82E9DF962B3A5B2800838D3B /* club */ = {
			isa = PBXGroup;
			children = (
				82E9DFAE2B3A72F100838D3B /* ClubRepositoryImpl.swift */,
				826E6B7F2B61E7C900547C5C /* ClubResponse.swift */,
			);
			path = club;
			sourceTree = "<group>";
		};
		82E9DF9B2B3A6BB200838D3B /* domain */ = {
			isa = PBXGroup;
			children = (
				82E9DF862B3A578100838D3B /* usecase */,
				82E9DF9F2B3A6C1900838D3B /* student */,
				82E9DF9C2B3A6BC400838D3B /* club */,
			);
			path = domain;
			sourceTree = "<group>";
		};
		82E9DF9C2B3A6BC400838D3B /* club */ = {
			isa = PBXGroup;
			children = (
				82E9DF9D2B3A6BDA00838D3B /* Club.swift */,
				82E9DFA82B3A6D0E00838D3B /* ClubId.swift */,
				82E9DFAA2B3A6D3100838D3B /* ClubRepository.swift */,
				82E9DFAC2B3A6DC700838D3B /* ClubStatus.swift */,
			);
			path = club;
			sourceTree = "<group>";
		};
		82E9DF9F2B3A6C1900838D3B /* student */ = {
			isa = PBXGroup;
			children = (
				82E9DFA02B3A6C2500838D3B /* Student.swift */,
				82E9DFA22B3A6C5700838D3B /* StudentId.swift */,
				82E9DFA42B3A6C8300838D3B /* StudentRepository.swift */,
			);
			path = student;
			sourceTree = "<group>";
		};
		82E9DFB22B3A82BD00838D3B /* presentation */ = {
			isa = PBXGroup;
			children = (
				82E9DFB32B3A82DA00838D3B /* ClubListView.swift */,
				82E9DFB52B3A840C00838D3B /* ClubViewPresenter.swift */,
				82217CD42B4CCF5400693450 /* ClubViewModel.swift */,
			);
			path = presentation;
			sourceTree = "<group>";
		};
/* End PBXGroup section */

/* Begin PBXNativeTarget section */
		821D64B22B396A0F00F29BC6 /* CleanArchitectureSample */ = {
			isa = PBXNativeTarget;
			buildConfigurationList = 821D64D82B396A1100F29BC6 /* Build configuration list for PBXNativeTarget "CleanArchitectureSample" */;
			buildPhases = (
				821D64AF2B396A0F00F29BC6 /* Sources */,
				821D64B02B396A0F00F29BC6 /* Frameworks */,
				821D64B12B396A0F00F29BC6 /* Resources */,
			);
			buildRules = (
			);
			dependencies = (
			);
			name = CleanArchitectureSample;
			productName = CleanArchitectureSample;
			productReference = 821D64B32B396A0F00F29BC6 /* CleanArchitectureSample.app */;
			productType = "com.apple.product-type.application";
		};
		821D64C32B396A1100F29BC6 /* CleanArchitectureSampleTests */ = {
			isa = PBXNativeTarget;
			buildConfigurationList = 821D64DB2B396A1100F29BC6 /* Build configuration list for PBXNativeTarget "CleanArchitectureSampleTests" */;
			buildPhases = (
				821D64C02B396A1100F29BC6 /* Sources */,
				821D64C12B396A1100F29BC6 /* Frameworks */,
				821D64C22B396A1100F29BC6 /* Resources */,
			);
			buildRules = (
			);
			dependencies = (
				821D64C62B396A1100F29BC6 /* PBXTargetDependency */,
			);
			name = CleanArchitectureSampleTests;
			productName = CleanArchitectureSampleTests;
			productReference = 821D64C42B396A1100F29BC6 /* CleanArchitectureSampleTests.xctest */;
			productType = "com.apple.product-type.bundle.unit-test";
		};
		821D64CD2B396A1100F29BC6 /* CleanArchitectureSampleUITests */ = {
			isa = PBXNativeTarget;
			buildConfigurationList = 821D64DE2B396A1100F29BC6 /* Build configuration list for PBXNativeTarget "CleanArchitectureSampleUITests" */;
			buildPhases = (
				821D64CA2B396A1100F29BC6 /* Sources */,
				821D64CB2B396A1100F29BC6 /* Frameworks */,
				821D64CC2B396A1100F29BC6 /* Resources */,
			);
			buildRules = (
			);
			dependencies = (
				821D64D02B396A1100F29BC6 /* PBXTargetDependency */,
			);
			name = CleanArchitectureSampleUITests;
			productName = CleanArchitectureSampleUITests;
			productReference = 821D64CE2B396A1100F29BC6 /* CleanArchitectureSampleUITests.xctest */;
			productType = "com.apple.product-type.bundle.ui-testing";
		};
/* End PBXNativeTarget section */

/* Begin PBXProject section */
		821D64AB2B396A0F00F29BC6 /* Project object */ = {
			isa = PBXProject;
			attributes = {
				BuildIndependentTargetsInParallel = 1;
				LastSwiftUpdateCheck = 1500;
				LastUpgradeCheck = 1500;
				TargetAttributes = {
					821D64B22B396A0F00F29BC6 = {
						CreatedOnToolsVersion = 15.0.1;
					};
					821D64C32B396A1100F29BC6 = {
						CreatedOnToolsVersion = 15.0.1;
						TestTargetID = 821D64B22B396A0F00F29BC6;
					};
					821D64CD2B396A1100F29BC6 = {
						CreatedOnToolsVersion = 15.0.1;
						TestTargetID = 821D64B22B396A0F00F29BC6;
					};
				};
			};
			buildConfigurationList = 821D64AE2B396A0F00F29BC6 /* Build configuration list for PBXProject "CleanArchitectureSample" */;
			compatibilityVersion = "Xcode 14.0";
			developmentRegion = en;
			hasScannedForEncodings = 0;
			knownRegions = (
				en,
				Base,
			);
			mainGroup = 821D64AA2B396A0F00F29BC6;
			productRefGroup = 821D64B42B396A0F00F29BC6 /* Products */;
			projectDirPath = "";
			projectRoot = "";
			targets = (
				821D64B22B396A0F00F29BC6 /* CleanArchitectureSample */,
				821D64C32B396A1100F29BC6 /* CleanArchitectureSampleTests */,
				821D64CD2B396A1100F29BC6 /* CleanArchitectureSampleUITests */,
			);
		};
/* End PBXProject section */

/* Begin PBXResourcesBuildPhase section */
		821D64B12B396A0F00F29BC6 /* Resources */ = {
			isa = PBXResourcesBuildPhase;
			buildActionMask = 2147483647;
			files = (
				821D64BF2B396A1100F29BC6 /* Preview Assets.xcassets in Resources */,
				821D64BB2B396A1100F29BC6 /* Assets.xcassets in Resources */,
			);
			runOnlyForDeploymentPostprocessing = 0;
		};
		821D64C22B396A1100F29BC6 /* Resources */ = {
			isa = PBXResourcesBuildPhase;
			buildActionMask = 2147483647;
			files = (
			);
			runOnlyForDeploymentPostprocessing = 0;
		};
		821D64CC2B396A1100F29BC6 /* Resources */ = {
			isa = PBXResourcesBuildPhase;
			buildActionMask = 2147483647;
			files = (
			);
			runOnlyForDeploymentPostprocessing = 0;
		};
/* End PBXResourcesBuildPhase section */

/* Begin PBXSourcesBuildPhase section */
		821D64AF2B396A0F00F29BC6 /* Sources */ = {
			isa = PBXSourcesBuildPhase;
			buildActionMask = 2147483647;
			files = (
				82217CD52B4CCF5400693450 /* ClubViewModel.swift in Sources */,
				82E9DFB42B3A82DA00838D3B /* ClubListView.swift in Sources */,
				82E9DFB12B3A73FD00838D3B /* UseCaseException.swift in Sources */,
				82E9DFB62B3A840C00838D3B /* ClubViewPresenter.swift in Sources */,
				826E6B7E2B61E63A00547C5C /* RMStore.swift in Sources */,
				82E9DF9E2B3A6BDA00838D3B /* Club.swift in Sources */,
				82E9DF942B3A5A9500838D3B /* DomainException.swift in Sources */,
				82E9DFA52B3A6C8300838D3B /* StudentRepository.swift in Sources */,
				82E9DF9A2B3A6B7000838D3B /* ClubUseCase.swift in Sources */,
				821D64B72B396A0F00F29BC6 /* CleanArchitectureSampleApp.swift in Sources */,
				82E9DFA12B3A6C2500838D3B /* Student.swift in Sources */,
				82E9DFAB2B3A6D3100838D3B /* ClubRepository.swift in Sources */,
				82E9DFA92B3A6D0E00838D3B /* ClubId.swift in Sources */,
				82E9DFA32B3A6C5700838D3B /* StudentId.swift in Sources */,
				826E6B802B61E7C900547C5C /* ClubResponse.swift in Sources */,
				82E9DFAD2B3A6DC700838D3B /* ClubStatus.swift in Sources */,
				82E9DFAF2B3A72F100838D3B /* ClubRepositoryImpl.swift in Sources */,
			);
			runOnlyForDeploymentPostprocessing = 0;
		};
		821D64C02B396A1100F29BC6 /* Sources */ = {
			isa = PBXSourcesBuildPhase;
			buildActionMask = 2147483647;
			files = (
				821D64C92B396A1100F29BC6 /* CleanArchitectureSampleTests.swift in Sources */,
			);
			runOnlyForDeploymentPostprocessing = 0;
		};
		821D64CA2B396A1100F29BC6 /* Sources */ = {
			isa = PBXSourcesBuildPhase;
			buildActionMask = 2147483647;
			files = (
				821D64D32B396A1100F29BC6 /* CleanArchitectureSampleUITests.swift in Sources */,
				821D64D52B396A1100F29BC6 /* CleanArchitectureSampleUITestsLaunchTests.swift in Sources */,
			);
			runOnlyForDeploymentPostprocessing = 0;
		};
/* End PBXSourcesBuildPhase section */

/* Begin PBXTargetDependency section */
		821D64C62B396A1100F29BC6 /* PBXTargetDependency */ = {
			isa = PBXTargetDependency;
			target = 821D64B22B396A0F00F29BC6 /* CleanArchitectureSample */;
			targetProxy = 821D64C52B396A1100F29BC6 /* PBXContainerItemProxy */;
		};
		821D64D02B396A1100F29BC6 /* PBXTargetDependency */ = {
			isa = PBXTargetDependency;
			target = 821D64B22B396A0F00F29BC6 /* CleanArchitectureSample */;
			targetProxy = 821D64CF2B396A1100F29BC6 /* PBXContainerItemProxy */;
		};
/* End PBXTargetDependency section */

/* Begin XCBuildConfiguration section */
		821D64D62B396A1100F29BC6 /* Debug */ = {
			isa = XCBuildConfiguration;
			buildSettings = {
				ALWAYS_SEARCH_USER_PATHS = NO;
				ASSETCATALOG_COMPILER_GENERATE_SWIFT_ASSET_SYMBOL_EXTENSIONS = YES;
				CLANG_ANALYZER_NONNULL = YES;
				CLANG_ANALYZER_NUMBER_OBJECT_CONVERSION = YES_AGGRESSIVE;
				CLANG_CXX_LANGUAGE_STANDARD = "gnu++20";
				CLANG_ENABLE_MODULES = YES;
				CLANG_ENABLE_OBJC_ARC = YES;
				CLANG_ENABLE_OBJC_WEAK = YES;
				CLANG_WARN_BLOCK_CAPTURE_AUTORELEASING = YES;
				CLANG_WARN_BOOL_CONVERSION = YES;
				CLANG_WARN_COMMA = YES;
				CLANG_WARN_CONSTANT_CONVERSION = YES;
				CLANG_WARN_DEPRECATED_OBJC_IMPLEMENTATIONS = YES;
				CLANG_WARN_DIRECT_OBJC_ISA_USAGE = YES_ERROR;
				CLANG_WARN_DOCUMENTATION_COMMENTS = YES;
				CLANG_WARN_EMPTY_BODY = YES;
				CLANG_WARN_ENUM_CONVERSION = YES;
				CLANG_WARN_INFINITE_RECURSION = YES;
				CLANG_WARN_INT_CONVERSION = YES;
				CLANG_WARN_NON_LITERAL_NULL_CONVERSION = YES;
				CLANG_WARN_OBJC_IMPLICIT_RETAIN_SELF = YES;
				CLANG_WARN_OBJC_LITERAL_CONVERSION = YES;
				CLANG_WARN_OBJC_ROOT_CLASS = YES_ERROR;
				CLANG_WARN_QUOTED_INCLUDE_IN_FRAMEWORK_HEADER = YES;
				CLANG_WARN_RANGE_LOOP_ANALYSIS = YES;
				CLANG_WARN_STRICT_PROTOTYPES = YES;
				CLANG_WARN_SUSPICIOUS_MOVE = YES;
				CLANG_WARN_UNGUARDED_AVAILABILITY = YES_AGGRESSIVE;
				CLANG_WARN_UNREACHABLE_CODE = YES;
				CLANG_WARN__DUPLICATE_METHOD_MATCH = YES;
				COPY_PHASE_STRIP = NO;
				DEBUG_INFORMATION_FORMAT = dwarf;
				ENABLE_STRICT_OBJC_MSGSEND = YES;
				ENABLE_TESTABILITY = YES;
				ENABLE_USER_SCRIPT_SANDBOXING = YES;
				GCC_C_LANGUAGE_STANDARD = gnu17;
				GCC_DYNAMIC_NO_PIC = NO;
				GCC_NO_COMMON_BLOCKS = YES;
				GCC_OPTIMIZATION_LEVEL = 0;
				GCC_PREPROCESSOR_DEFINITIONS = (
					"DEBUG=1",
					"$(inherited)",
				);
				GCC_WARN_64_TO_32_BIT_CONVERSION = YES;
				GCC_WARN_ABOUT_RETURN_TYPE = YES_ERROR;
				GCC_WARN_UNDECLARED_SELECTOR = YES;
				GCC_WARN_UNINITIALIZED_AUTOS = YES_AGGRESSIVE;
				GCC_WARN_UNUSED_FUNCTION = YES;
				GCC_WARN_UNUSED_VARIABLE = YES;
				LOCALIZATION_PREFERS_STRING_CATALOGS = YES;
				MTL_ENABLE_DEBUG_INFO = INCLUDE_SOURCE;
				MTL_FAST_MATH = YES;
				ONLY_ACTIVE_ARCH = YES;
				SWIFT_ACTIVE_COMPILATION_CONDITIONS = "DEBUG $(inherited)";
				SWIFT_OPTIMIZATION_LEVEL = "-Onone";
			};
			name = Debug;
		};
		821D64D72B396A1100F29BC6 /* Release */ = {
			isa = XCBuildConfiguration;
			buildSettings = {
				ALWAYS_SEARCH_USER_PATHS = NO;
				ASSETCATALOG_COMPILER_GENERATE_SWIFT_ASSET_SYMBOL_EXTENSIONS = YES;
				CLANG_ANALYZER_NONNULL = YES;
				CLANG_ANALYZER_NUMBER_OBJECT_CONVERSION = YES_AGGRESSIVE;
				CLANG_CXX_LANGUAGE_STANDARD = "gnu++20";
				CLANG_ENABLE_MODULES = YES;
				CLANG_ENABLE_OBJC_ARC = YES;
				CLANG_ENABLE_OBJC_WEAK = YES;
				CLANG_WARN_BLOCK_CAPTURE_AUTORELEASING = YES;
				CLANG_WARN_BOOL_CONVERSION = YES;
				CLANG_WARN_COMMA = YES;
				CLANG_WARN_CONSTANT_CONVERSION = YES;
				CLANG_WARN_DEPRECATED_OBJC_IMPLEMENTATIONS = YES;
				CLANG_WARN_DIRECT_OBJC_ISA_USAGE = YES_ERROR;
				CLANG_WARN_DOCUMENTATION_COMMENTS = YES;
				CLANG_WARN_EMPTY_BODY = YES;
				CLANG_WARN_ENUM_CONVERSION = YES;
				CLANG_WARN_INFINITE_RECURSION = YES;
				CLANG_WARN_INT_CONVERSION = YES;
				CLANG_WARN_NON_LITERAL_NULL_CONVERSION = YES;
				CLANG_WARN_OBJC_IMPLICIT_RETAIN_SELF = YES;
				CLANG_WARN_OBJC_LITERAL_CONVERSION = YES;
				CLANG_WARN_OBJC_ROOT_CLASS = YES_ERROR;
				CLANG_WARN_QUOTED_INCLUDE_IN_FRAMEWORK_HEADER = YES;
				CLANG_WARN_RANGE_LOOP_ANALYSIS = YES;
				CLANG_WARN_STRICT_PROTOTYPES = YES;
				CLANG_WARN_SUSPICIOUS_MOVE = YES;
				CLANG_WARN_UNGUARDED_AVAILABILITY = YES_AGGRESSIVE;
				CLANG_WARN_UNREACHABLE_CODE = YES;
				CLANG_WARN__DUPLICATE_METHOD_MATCH = YES;
				COPY_PHASE_STRIP = NO;
				DEBUG_INFORMATION_FORMAT = "dwarf-with-dsym";
				ENABLE_NS_ASSERTIONS = NO;
				ENABLE_STRICT_OBJC_MSGSEND = YES;
				ENABLE_USER_SCRIPT_SANDBOXING = YES;
				GCC_C_LANGUAGE_STANDARD = gnu17;
				GCC_NO_COMMON_BLOCKS = YES;
				GCC_WARN_64_TO_32_BIT_CONVERSION = YES;
				GCC_WARN_ABOUT_RETURN_TYPE = YES_ERROR;
				GCC_WARN_UNDECLARED_SELECTOR = YES;
				GCC_WARN_UNINITIALIZED_AUTOS = YES_AGGRESSIVE;
				GCC_WARN_UNUSED_FUNCTION = YES;
				GCC_WARN_UNUSED_VARIABLE = YES;
				LOCALIZATION_PREFERS_STRING_CATALOGS = YES;
				MTL_ENABLE_DEBUG_INFO = NO;
				MTL_FAST_MATH = YES;
				SWIFT_COMPILATION_MODE = wholemodule;
			};
			name = Release;
		};
		821D64D92B396A1100F29BC6 /* Debug */ = {
			isa = XCBuildConfiguration;
			buildSettings = {
				ASSETCATALOG_COMPILER_APPICON_NAME = AppIcon;
				ASSETCATALOG_COMPILER_GLOBAL_ACCENT_COLOR_NAME = AccentColor;
				CODE_SIGN_ENTITLEMENTS = CleanArchitectureSample/CleanArchitectureSample.entitlements;
				CODE_SIGN_STYLE = Automatic;
				CURRENT_PROJECT_VERSION = 1;
				DEVELOPMENT_ASSET_PATHS = "\"CleanArchitectureSample/Preview Content\"";
				DEVELOPMENT_TEAM = CZ785DAQVX;
				ENABLE_HARDENED_RUNTIME = YES;
				ENABLE_PREVIEWS = YES;
				GENERATE_INFOPLIST_FILE = YES;
				"INFOPLIST_KEY_UIApplicationSceneManifest_Generation[sdk=iphoneos*]" = YES;
				"INFOPLIST_KEY_UIApplicationSceneManifest_Generation[sdk=iphonesimulator*]" = YES;
				"INFOPLIST_KEY_UIApplicationSupportsIndirectInputEvents[sdk=iphoneos*]" = YES;
				"INFOPLIST_KEY_UIApplicationSupportsIndirectInputEvents[sdk=iphonesimulator*]" = YES;
				"INFOPLIST_KEY_UILaunchScreen_Generation[sdk=iphoneos*]" = YES;
				"INFOPLIST_KEY_UILaunchScreen_Generation[sdk=iphonesimulator*]" = YES;
				"INFOPLIST_KEY_UIStatusBarStyle[sdk=iphoneos*]" = UIStatusBarStyleDefault;
				"INFOPLIST_KEY_UIStatusBarStyle[sdk=iphonesimulator*]" = UIStatusBarStyleDefault;
				INFOPLIST_KEY_UISupportedInterfaceOrientations_iPad = "UIInterfaceOrientationPortrait UIInterfaceOrientationPortraitUpsideDown UIInterfaceOrientationLandscapeLeft UIInterfaceOrientationLandscapeRight";
				INFOPLIST_KEY_UISupportedInterfaceOrientations_iPhone = "UIInterfaceOrientationPortrait UIInterfaceOrientationLandscapeLeft UIInterfaceOrientationLandscapeRight";
				IPHONEOS_DEPLOYMENT_TARGET = 17.0;
				LD_RUNPATH_SEARCH_PATHS = "@executable_path/Frameworks";
				"LD_RUNPATH_SEARCH_PATHS[sdk=macosx*]" = "@executable_path/../Frameworks";
				MACOSX_DEPLOYMENT_TARGET = 14.0;
				MARKETING_VERSION = 1.0;
				PRODUCT_BUNDLE_IDENTIFIER = "jp.rm-app-tech-verifications.CleanArchitectureSample";
				PRODUCT_NAME = "$(TARGET_NAME)";
				SDKROOT = auto;
				SUPPORTED_PLATFORMS = "iphoneos iphonesimulator macosx";
				SWIFT_EMIT_LOC_STRINGS = YES;
				SWIFT_VERSION = 5.0;
				TARGETED_DEVICE_FAMILY = "1,2";
			};
			name = Debug;
		};
		821D64DA2B396A1100F29BC6 /* Release */ = {
			isa = XCBuildConfiguration;
			buildSettings = {
				ASSETCATALOG_COMPILER_APPICON_NAME = AppIcon;
				ASSETCATALOG_COMPILER_GLOBAL_ACCENT_COLOR_NAME = AccentColor;
				CODE_SIGN_ENTITLEMENTS = CleanArchitectureSample/CleanArchitectureSample.entitlements;
				CODE_SIGN_STYLE = Automatic;
				CURRENT_PROJECT_VERSION = 1;
				DEVELOPMENT_ASSET_PATHS = "\"CleanArchitectureSample/Preview Content\"";
				DEVELOPMENT_TEAM = CZ785DAQVX;
				ENABLE_HARDENED_RUNTIME = YES;
				ENABLE_PREVIEWS = YES;
				GENERATE_INFOPLIST_FILE = YES;
				"INFOPLIST_KEY_UIApplicationSceneManifest_Generation[sdk=iphoneos*]" = YES;
				"INFOPLIST_KEY_UIApplicationSceneManifest_Generation[sdk=iphonesimulator*]" = YES;
				"INFOPLIST_KEY_UIApplicationSupportsIndirectInputEvents[sdk=iphoneos*]" = YES;
				"INFOPLIST_KEY_UIApplicationSupportsIndirectInputEvents[sdk=iphonesimulator*]" = YES;
				"INFOPLIST_KEY_UILaunchScreen_Generation[sdk=iphoneos*]" = YES;
				"INFOPLIST_KEY_UILaunchScreen_Generation[sdk=iphonesimulator*]" = YES;
				"INFOPLIST_KEY_UIStatusBarStyle[sdk=iphoneos*]" = UIStatusBarStyleDefault;
				"INFOPLIST_KEY_UIStatusBarStyle[sdk=iphonesimulator*]" = UIStatusBarStyleDefault;
				INFOPLIST_KEY_UISupportedInterfaceOrientations_iPad = "UIInterfaceOrientationPortrait UIInterfaceOrientationPortraitUpsideDown UIInterfaceOrientationLandscapeLeft UIInterfaceOrientationLandscapeRight";
				INFOPLIST_KEY_UISupportedInterfaceOrientations_iPhone = "UIInterfaceOrientationPortrait UIInterfaceOrientationLandscapeLeft UIInterfaceOrientationLandscapeRight";
				IPHONEOS_DEPLOYMENT_TARGET = 17.0;
				LD_RUNPATH_SEARCH_PATHS = "@executable_path/Frameworks";
				"LD_RUNPATH_SEARCH_PATHS[sdk=macosx*]" = "@executable_path/../Frameworks";
				MACOSX_DEPLOYMENT_TARGET = 14.0;
				MARKETING_VERSION = 1.0;
				PRODUCT_BUNDLE_IDENTIFIER = "jp.rm-app-tech-verifications.CleanArchitectureSample";
				PRODUCT_NAME = "$(TARGET_NAME)";
				SDKROOT = auto;
				SUPPORTED_PLATFORMS = "iphoneos iphonesimulator macosx";
				SWIFT_EMIT_LOC_STRINGS = YES;
				SWIFT_VERSION = 5.0;
				TARGETED_DEVICE_FAMILY = "1,2";
			};
			name = Release;
		};
		821D64DC2B396A1100F29BC6 /* Debug */ = {
			isa = XCBuildConfiguration;
			buildSettings = {
				ALWAYS_EMBED_SWIFT_STANDARD_LIBRARIES = YES;
				BUNDLE_LOADER = "$(TEST_HOST)";
				CODE_SIGN_STYLE = Automatic;
				CURRENT_PROJECT_VERSION = 1;
				DEVELOPMENT_TEAM = CZ785DAQVX;
				GENERATE_INFOPLIST_FILE = YES;
				IPHONEOS_DEPLOYMENT_TARGET = 17.0;
				MACOSX_DEPLOYMENT_TARGET = 14.0;
				MARKETING_VERSION = 1.0;
				PRODUCT_BUNDLE_IDENTIFIER = "jp.rm-app-tech-verifications.CleanArchitectureSampleTests";
				PRODUCT_NAME = "$(TARGET_NAME)";
				SDKROOT = auto;
				SUPPORTED_PLATFORMS = "iphoneos iphonesimulator macosx";
				SWIFT_EMIT_LOC_STRINGS = NO;
				SWIFT_VERSION = 5.0;
				TARGETED_DEVICE_FAMILY = "1,2";
				TEST_HOST = "$(BUILT_PRODUCTS_DIR)/CleanArchitectureSample.app/$(BUNDLE_EXECUTABLE_FOLDER_PATH)/CleanArchitectureSample";
			};
			name = Debug;
		};
		821D64DD2B396A1100F29BC6 /* Release */ = {
			isa = XCBuildConfiguration;
			buildSettings = {
				ALWAYS_EMBED_SWIFT_STANDARD_LIBRARIES = YES;
				BUNDLE_LOADER = "$(TEST_HOST)";
				CODE_SIGN_STYLE = Automatic;
				CURRENT_PROJECT_VERSION = 1;
				DEVELOPMENT_TEAM = CZ785DAQVX;
				GENERATE_INFOPLIST_FILE = YES;
				IPHONEOS_DEPLOYMENT_TARGET = 17.0;
				MACOSX_DEPLOYMENT_TARGET = 14.0;
				MARKETING_VERSION = 1.0;
				PRODUCT_BUNDLE_IDENTIFIER = "jp.rm-app-tech-verifications.CleanArchitectureSampleTests";
				PRODUCT_NAME = "$(TARGET_NAME)";
				SDKROOT = auto;
				SUPPORTED_PLATFORMS = "iphoneos iphonesimulator macosx";
				SWIFT_EMIT_LOC_STRINGS = NO;
				SWIFT_VERSION = 5.0;
				TARGETED_DEVICE_FAMILY = "1,2";
				TEST_HOST = "$(BUILT_PRODUCTS_DIR)/CleanArchitectureSample.app/$(BUNDLE_EXECUTABLE_FOLDER_PATH)/CleanArchitectureSample";
			};
			name = Release;
		};
		821D64DF2B396A1100F29BC6 /* Debug */ = {
			isa = XCBuildConfiguration;
			buildSettings = {
				ALWAYS_EMBED_SWIFT_STANDARD_LIBRARIES = YES;
				CODE_SIGN_STYLE = Automatic;
				CURRENT_PROJECT_VERSION = 1;
				DEVELOPMENT_TEAM = CZ785DAQVX;
				GENERATE_INFOPLIST_FILE = YES;
				IPHONEOS_DEPLOYMENT_TARGET = 17.0;
				MACOSX_DEPLOYMENT_TARGET = 14.0;
				MARKETING_VERSION = 1.0;
				PRODUCT_BUNDLE_IDENTIFIER = "jp.rm-app-tech-verifications.CleanArchitectureSampleUITests";
				PRODUCT_NAME = "$(TARGET_NAME)";
				SDKROOT = auto;
				SUPPORTED_PLATFORMS = "iphoneos iphonesimulator macosx";
				SWIFT_EMIT_LOC_STRINGS = NO;
				SWIFT_VERSION = 5.0;
				TARGETED_DEVICE_FAMILY = "1,2";
				TEST_TARGET_NAME = CleanArchitectureSample;
			};
			name = Debug;
		};
		821D64E02B396A1100F29BC6 /* Release */ = {
			isa = XCBuildConfiguration;
			buildSettings = {
				ALWAYS_EMBED_SWIFT_STANDARD_LIBRARIES = YES;
				CODE_SIGN_STYLE = Automatic;
				CURRENT_PROJECT_VERSION = 1;
				DEVELOPMENT_TEAM = CZ785DAQVX;
				GENERATE_INFOPLIST_FILE = YES;
				IPHONEOS_DEPLOYMENT_TARGET = 17.0;
				MACOSX_DEPLOYMENT_TARGET = 14.0;
				MARKETING_VERSION = 1.0;
				PRODUCT_BUNDLE_IDENTIFIER = "jp.rm-app-tech-verifications.CleanArchitectureSampleUITests";
				PRODUCT_NAME = "$(TARGET_NAME)";
				SDKROOT = auto;
				SUPPORTED_PLATFORMS = "iphoneos iphonesimulator macosx";
				SWIFT_EMIT_LOC_STRINGS = NO;
				SWIFT_VERSION = 5.0;
				TARGETED_DEVICE_FAMILY = "1,2";
				TEST_TARGET_NAME = CleanArchitectureSample;
			};
			name = Release;
		};
/* End XCBuildConfiguration section */

/* Begin XCConfigurationList section */
		821D64AE2B396A0F00F29BC6 /* Build configuration list for PBXProject "CleanArchitectureSample" */ = {
			isa = XCConfigurationList;
			buildConfigurations = (
				821D64D62B396A1100F29BC6 /* Debug */,
				821D64D72B396A1100F29BC6 /* Release */,
			);
			defaultConfigurationIsVisible = 0;
			defaultConfigurationName = Release;
		};
		821D64D82B396A1100F29BC6 /* Build configuration list for PBXNativeTarget "CleanArchitectureSample" */ = {
			isa = XCConfigurationList;
			buildConfigurations = (
				821D64D92B396A1100F29BC6 /* Debug */,
				821D64DA2B396A1100F29BC6 /* Release */,
			);
			defaultConfigurationIsVisible = 0;
			defaultConfigurationName = Release;
		};
		821D64DB2B396A1100F29BC6 /* Build configuration list for PBXNativeTarget "CleanArchitectureSampleTests" */ = {
			isa = XCConfigurationList;
			buildConfigurations = (
				821D64DC2B396A1100F29BC6 /* Debug */,
				821D64DD2B396A1100F29BC6 /* Release */,
			);
			defaultConfigurationIsVisible = 0;
			defaultConfigurationName = Release;
		};
		821D64DE2B396A1100F29BC6 /* Build configuration list for PBXNativeTarget "CleanArchitectureSampleUITests" */ = {
			isa = XCConfigurationList;
			buildConfigurations = (
				821D64DF2B396A1100F29BC6 /* Debug */,
				821D64E02B396A1100F29BC6 /* Release */,
			);
			defaultConfigurationIsVisible = 0;
			defaultConfigurationName = Release;
		};
/* End XCConfigurationList section */
	};
	rootObject = 821D64AB2B396A0F00F29BC6 /* Project object */;
}
